// !$*UTF8*$!
{
	archiveVersion = 1;
	classes = {
	};
	objectVersion = 46;
	objects = {

/* Begin PBXBuildFile section */
		FC03383722BA4C1900FC83AB /* svm.cpp in Sources */ = {isa = PBXBuildFile; fileRef = FC03383522BA4C1800FC83AB /* svm.cpp */; };
		FC057E1F22B8DCD0006460A0 /* C_TF.cpp in Sources */ = {isa = PBXBuildFile; fileRef = FC057E1E22B8DCD0006460A0 /* C_TF.cpp */; };
		FC057E2C22BA4B1B006460A0 /* Canny.cpp in Sources */ = {isa = PBXBuildFile; fileRef = FC057E2A22BA4B1B006460A0 /* Canny.cpp */; };
		FC057E2D22BA4B1B006460A0 /* main.cpp in Sources */ = {isa = PBXBuildFile; fileRef = FC057E2B22BA4B1B006460A0 /* main.cpp */; };
		FC581A921EF22A3700895FAD /* Hough_transform.cpp in Sources */ = {isa = PBXBuildFile; fileRef = FC581A891EF22A3700895FAD /* Hough_transform.cpp */; };
		FC581A941EF22A3700895FAD /* util.cpp in Sources */ = {isa = PBXBuildFile; fileRef = FC581A8C1EF22A3700895FAD /* util.cpp */; };
		FC581A951EF22A3700895FAD /* Warping.cpp in Sources */ = {isa = PBXBuildFile; fileRef = FC581A8E1EF22A3700895FAD /* Warping.cpp */; };
		FC581BF41EF2C66D00895FAD /* TextDetection.cpp in Sources */ = {isa = PBXBuildFile; fileRef = FC581BF21EF2C66D00895FAD /* TextDetection.cpp */; };
		FCABFC6C1EF3AFB1007A61E5 /* TextRecognition.cpp in Sources */ = {isa = PBXBuildFile; fileRef = FCABFC6A1EF3AFB1007A61E5 /* TextRecognition.cpp */; };
		FCC5BA7C1F10F0F90040FDFC /* Contour.cpp in Sources */ = {isa = PBXBuildFile; fileRef = FCC5BA7A1F10F0F90040FDFC /* Contour.cpp */; };
/* End PBXBuildFile section */

/* Begin PBXCopyFilesBuildPhase section */
		FC5817B81EF228CA00895FAD /* CopyFiles */ = {
			isa = PBXCopyFilesBuildPhase;
			buildActionMask = 2147483647;
			dstPath = /usr/share/man/man1/;
			dstSubfolderSpec = 0;
			files = (
			);
			runOnlyForDeploymentPostprocessing = 1;
		};
/* End PBXCopyFilesBuildPhase section */

/* Begin PBXFileReference section */
		FC03383522BA4C1800FC83AB /* svm.cpp */ = {isa = PBXFileReference; fileEncoding = 4; lastKnownFileType = sourcecode.cpp.cpp; name = svm.cpp; path = include/svm.cpp; sourceTree = "<group>"; };
		FC03383622BA4C1800FC83AB /* svm.h */ = {isa = PBXFileReference; fileEncoding = 4; lastKnownFileType = sourcecode.c.h; name = svm.h; path = include/svm.h; sourceTree = "<group>"; };
		FC057E1D22B8DCC4006460A0 /* C_TF.hpp */ = {isa = PBXFileReference; fileEncoding = 4; lastKnownFileType = sourcecode.cpp.h; name = C_TF.hpp; path = A4PaperScan/C_TF.hpp; sourceTree = "<group>"; };
		FC057E1E22B8DCD0006460A0 /* C_TF.cpp */ = {isa = PBXFileReference; fileEncoding = 4; lastKnownFileType = sourcecode.cpp.cpp; path = C_TF.cpp; sourceTree = "<group>"; };
		FC057E2922BA4AF5006460A0 /* Canny.h */ = {isa = PBXFileReference; fileEncoding = 4; lastKnownFileType = sourcecode.c.h; name = Canny.h; path = A4PaperScan/Canny.h; sourceTree = "<group>"; };
		FC057E2A22BA4B1B006460A0 /* Canny.cpp */ = {isa = PBXFileReference; fileEncoding = 4; lastKnownFileType = sourcecode.cpp.cpp; path = Canny.cpp; sourceTree = "<group>"; };
		FC057E2B22BA4B1B006460A0 /* main.cpp */ = {isa = PBXFileReference; fileEncoding = 4; lastKnownFileType = sourcecode.cpp.cpp; path = main.cpp; sourceTree = "<group>"; };
		FC5817BA1EF228CA00895FAD /* A4PaperScan */ = {isa = PBXFileReference; explicitFileType = "compiled.mach-o.executable"; includeInIndex = 0; path = A4PaperScan; sourceTree = BUILT_PRODUCTS_DIR; };
		FC581A881EF22A3700895FAD /* headers.h */ = {isa = PBXFileReference; fileEncoding = 4; lastKnownFileType = sourcecode.c.h; name = headers.h; path = A4PaperScan/headers.h; sourceTree = "<group>"; };
		FC581A891EF22A3700895FAD /* Hough_transform.cpp */ = {isa = PBXFileReference; fileEncoding = 4; lastKnownFileType = sourcecode.cpp.cpp; path = Hough_transform.cpp; sourceTree = "<group>"; };
		FC581A8A1EF22A3700895FAD /* Hough_transform.h */ = {isa = PBXFileReference; fileEncoding = 4; lastKnownFileType = sourcecode.c.h; name = Hough_transform.h; path = A4PaperScan/Hough_transform.h; sourceTree = "<group>"; };
		FC581A8C1EF22A3700895FAD /* util.cpp */ = {isa = PBXFileReference; fileEncoding = 4; lastKnownFileType = sourcecode.cpp.cpp; path = util.cpp; sourceTree = "<group>"; };
		FC581A8D1EF22A3700895FAD /* util.h */ = {isa = PBXFileReference; fileEncoding = 4; lastKnownFileType = sourcecode.c.h; name = util.h; path = A4PaperScan/util.h; sourceTree = "<group>"; };
		FC581A8E1EF22A3700895FAD /* Warping.cpp */ = {isa = PBXFileReference; fileEncoding = 4; lastKnownFileType = sourcecode.cpp.cpp; path = Warping.cpp; sourceTree = "<group>"; };
		FC581A8F1EF22A3700895FAD /* Warping.h */ = {isa = PBXFileReference; fileEncoding = 4; lastKnownFileType = sourcecode.c.h; name = Warping.h; path = A4PaperScan/Warping.h; sourceTree = "<group>"; };
		FC581BF21EF2C66D00895FAD /* TextDetection.cpp */ = {isa = PBXFileReference; fileEncoding = 4; lastKnownFileType = sourcecode.cpp.cpp; path = TextDetection.cpp; sourceTree = "<group>"; };
		FC581BF31EF2C66D00895FAD /* TextDetection.hpp */ = {isa = PBXFileReference; fileEncoding = 4; lastKnownFileType = sourcecode.cpp.h; name = TextDetection.hpp; path = A4PaperScan/TextDetection.hpp; sourceTree = "<group>"; };
		FCABFC6A1EF3AFB1007A61E5 /* TextRecognition.cpp */ = {isa = PBXFileReference; fileEncoding = 4; lastKnownFileType = sourcecode.cpp.cpp; path = TextRecognition.cpp; sourceTree = "<group>"; };
		FCABFC6B1EF3AFB1007A61E5 /* TextRecognition.hpp */ = {isa = PBXFileReference; fileEncoding = 4; lastKnownFileType = sourcecode.cpp.h; name = TextRecognition.hpp; path = A4PaperScan/TextRecognition.hpp; sourceTree = "<group>"; };
		FCC5BA7A1F10F0F90040FDFC /* Contour.cpp */ = {isa = PBXFileReference; fileEncoding = 4; lastKnownFileType = sourcecode.cpp.cpp; path = Contour.cpp; sourceTree = "<group>"; };
		FCC5BA7B1F10F0F90040FDFC /* Contour.hpp */ = {isa = PBXFileReference; fileEncoding = 4; lastKnownFileType = sourcecode.cpp.h; name = Contour.hpp; path = A4PaperScan/Contour.hpp; sourceTree = "<group>"; };
		FCC5BA7E1F112B100040FDFC /* ScanLineDetermination.hpp */ = {isa = PBXFileReference; fileEncoding = 4; lastKnownFileType = sourcecode.cpp.h; name = ScanLineDetermination.hpp; path = A4PaperScan/ScanLineDetermination.hpp; sourceTree = "<group>"; };
/* End PBXFileReference section */

/* Begin PBXFrameworksBuildPhase section */
		FC5817B71EF228CA00895FAD /* Frameworks */ = {
			isa = PBXFrameworksBuildPhase;
			buildActionMask = 2147483647;
			files = (
			);
			runOnlyForDeploymentPostprocessing = 0;
		};
/* End PBXFrameworksBuildPhase section */

/* Begin PBXGroup section */
		FC5817B11EF228CA00895FAD = {
			isa = PBXGroup;
			children = (
				FC03383522BA4C1800FC83AB /* svm.cpp */,
				FC03383622BA4C1800FC83AB /* svm.h */,
				FCABFC6D1EF3AFC2007A61E5 /* headers */,
				FC5817BC1EF228CA00895FAD /* sources */,
				FC5817BB1EF228CA00895FAD /* Products */,
			);
			sourceTree = "<group>";
		};
		FC5817BB1EF228CA00895FAD /* Products */ = {
			isa = PBXGroup;
			children = (
				FC5817BA1EF228CA00895FAD /* A4PaperScan */,
			);
			name = Products;
			sourceTree = "<group>";
		};
		FC5817BC1EF228CA00895FAD /* sources */ = {
			isa = PBXGroup;
			children = (
				FC057E2A22BA4B1B006460A0 /* Canny.cpp */,
				FC057E2B22BA4B1B006460A0 /* main.cpp */,
				FC057E1E22B8DCD0006460A0 /* C_TF.cpp */,
				FCC5BA7A1F10F0F90040FDFC /* Contour.cpp */,
				FC581A891EF22A3700895FAD /* Hough_transform.cpp */,
				FC581A8C1EF22A3700895FAD /* util.cpp */,
				FC581A8E1EF22A3700895FAD /* Warping.cpp */,
				FC581BF21EF2C66D00895FAD /* TextDetection.cpp */,
				FCABFC6A1EF3AFB1007A61E5 /* TextRecognition.cpp */,
			);
			name = sources;
			path = A4PaperScan;
			sourceTree = "<group>";
		};
		FCABFC6D1EF3AFC2007A61E5 /* headers */ = {
			isa = PBXGroup;
			children = (
				FC057E2922BA4AF5006460A0 /* Canny.h */,
				FC057E1D22B8DCC4006460A0 /* C_TF.hpp */,
				FCC5BA7E1F112B100040FDFC /* ScanLineDetermination.hpp */,
				FCC5BA7B1F10F0F90040FDFC /* Contour.hpp */,
				FC581A881EF22A3700895FAD /* headers.h */,
				FC581A8A1EF22A3700895FAD /* Hough_transform.h */,
				FC581A8D1EF22A3700895FAD /* util.h */,
				FC581A8F1EF22A3700895FAD /* Warping.h */,
				FC581BF31EF2C66D00895FAD /* TextDetection.hpp */,
				FCABFC6B1EF3AFB1007A61E5 /* TextRecognition.hpp */,
			);
			name = headers;
			sourceTree = "<group>";
		};
/* End PBXGroup section */

/* Begin PBXNativeTarget section */
		FC5817B91EF228CA00895FAD /* A4PaperScan */ = {
			isa = PBXNativeTarget;
			buildConfigurationList = FC5817C11EF228CA00895FAD /* Build configuration list for PBXNativeTarget "A4PaperScan" */;
			buildPhases = (
				FC5817B61EF228CA00895FAD /* Sources */,
				FC5817B71EF228CA00895FAD /* Frameworks */,
				FC5817B81EF228CA00895FAD /* CopyFiles */,
			);
			buildRules = (
			);
			dependencies = (
			);
			name = A4PaperScan;
			productName = A4PaperScan;
			productReference = FC5817BA1EF228CA00895FAD /* A4PaperScan */;
			productType = "com.apple.product-type.tool";
		};
/* End PBXNativeTarget section */

/* Begin PBXProject section */
		FC5817B21EF228CA00895FAD /* Project object */ = {
			isa = PBXProject;
			attributes = {
				LastUpgradeCheck = 0820;
				ORGANIZATIONNAME = TSK;
				TargetAttributes = {
					FC5817B91EF228CA00895FAD = {
						CreatedOnToolsVersion = 8.2.1;
						ProvisioningStyle = Automatic;
					};
				};
			};
			buildConfigurationList = FC5817B51EF228CA00895FAD /* Build configuration list for PBXProject "A4PaperScan" */;
			compatibilityVersion = "Xcode 3.2";
			developmentRegion = English;
			hasScannedForEncodings = 0;
			knownRegions = (
				English,
				en,
			);
			mainGroup = FC5817B11EF228CA00895FAD;
			productRefGroup = FC5817BB1EF228CA00895FAD /* Products */;
			projectDirPath = "";
			projectRoot = "";
			targets = (
				FC5817B91EF228CA00895FAD /* A4PaperScan */,
			);
		};
/* End PBXProject section */

/* Begin PBXSourcesBuildPhase section */
		FC5817B61EF228CA00895FAD /* Sources */ = {
			isa = PBXSourcesBuildPhase;
			buildActionMask = 2147483647;
			files = (
				FC03383722BA4C1900FC83AB /* svm.cpp in Sources */,
				FC057E1F22B8DCD0006460A0 /* C_TF.cpp in Sources */,
				FCC5BA7C1F10F0F90040FDFC /* Contour.cpp in Sources */,
				FCABFC6C1EF3AFB1007A61E5 /* TextRecognition.cpp in Sources */,
				FC581BF41EF2C66D00895FAD /* TextDetection.cpp in Sources */,
				FC581A951EF22A3700895FAD /* Warping.cpp in Sources */,
				FC057E2C22BA4B1B006460A0 /* Canny.cpp in Sources */,
				FC581A921EF22A3700895FAD /* Hough_transform.cpp in Sources */,
				FC581A941EF22A3700895FAD /* util.cpp in Sources */,
				FC057E2D22BA4B1B006460A0 /* main.cpp in Sources */,
			);
			runOnlyForDeploymentPostprocessing = 0;
		};
/* End PBXSourcesBuildPhase section */

/* Begin XCBuildConfiguration section */
		FC5817BF1EF228CA00895FAD /* Debug */ = {
			isa = XCBuildConfiguration;
			buildSettings = {
				ALWAYS_SEARCH_USER_PATHS = NO;
				CLANG_ANALYZER_NONNULL = YES;
				CLANG_CXX_LANGUAGE_STANDARD = "gnu++0x";
				CLANG_CXX_LIBRARY = "libc++";
				CLANG_ENABLE_MODULES = YES;
				CLANG_ENABLE_OBJC_ARC = YES;
				CLANG_WARN_BOOL_CONVERSION = YES;
				CLANG_WARN_CONSTANT_CONVERSION = YES;
				CLANG_WARN_DIRECT_OBJC_ISA_USAGE = YES_ERROR;
				CLANG_WARN_DOCUMENTATION_COMMENTS = YES;
				CLANG_WARN_EMPTY_BODY = YES;
				CLANG_WARN_ENUM_CONVERSION = YES;
				CLANG_WARN_INFINITE_RECURSION = YES;
				CLANG_WARN_INT_CONVERSION = YES;
				CLANG_WARN_OBJC_ROOT_CLASS = YES_ERROR;
				CLANG_WARN_SUSPICIOUS_MOVE = YES;
				CLANG_WARN_UNREACHABLE_CODE = YES;
				CLANG_WARN__DUPLICATE_METHOD_MATCH = YES;
				CODE_SIGN_IDENTITY = "-";
				COPY_PHASE_STRIP = NO;
				DEBUG_INFORMATION_FORMAT = dwarf;
				ENABLE_STRICT_OBJC_MSGSEND = YES;
				ENABLE_TESTABILITY = YES;
				GCC_C_LANGUAGE_STANDARD = gnu99;
				GCC_DYNAMIC_NO_PIC = NO;
				GCC_NO_COMMON_BLOCKS = YES;
				GCC_OPTIMIZATION_LEVEL = 0;
				GCC_PREPROCESSOR_DEFINITIONS = (
					"DEBUG=1",
					"$(inherited)",
				);
				GCC_WARN_64_TO_32_BIT_CONVERSION = YES;
				GCC_WARN_ABOUT_RETURN_TYPE = YES_ERROR;
				GCC_WARN_UNDECLARED_SELECTOR = YES;
				GCC_WARN_UNINITIALIZED_AUTOS = YES_AGGRESSIVE;
				GCC_WARN_UNUSED_FUNCTION = YES;
				GCC_WARN_UNUSED_VARIABLE = YES;
				HEADER_SEARCH_PATHS = /opt/X11/include;
				LIBRARY_SEARCH_PATHS = /opt/X11/lib;
				MACOSX_DEPLOYMENT_TARGET = 10.11;
				MTL_ENABLE_DEBUG_INFO = YES;
				ONLY_ACTIVE_ARCH = YES;
				SDKROOT = macosx;
				SYSTEM_HEADER_SEARCH_PATHS = "";
				USER_HEADER_SEARCH_PATHS = "";
				USE_HEADERMAP = YES;
			};
			name = Debug;
		};
		FC5817C01EF228CA00895FAD /* Release */ = {
			isa = XCBuildConfiguration;
			buildSettings = {
				ALWAYS_SEARCH_USER_PATHS = NO;
				CLANG_ANALYZER_NONNULL = YES;
				CLANG_CXX_LANGUAGE_STANDARD = "gnu++0x";
				CLANG_CXX_LIBRARY = "libc++";
				CLANG_ENABLE_MODULES = YES;
				CLANG_ENABLE_OBJC_ARC = YES;
				CLANG_WARN_BOOL_CONVERSION = YES;
				CLANG_WARN_CONSTANT_CONVERSION = YES;
				CLANG_WARN_DIRECT_OBJC_ISA_USAGE = YES_ERROR;
				CLANG_WARN_DOCUMENTATION_COMMENTS = YES;
				CLANG_WARN_EMPTY_BODY = YES;
				CLANG_WARN_ENUM_CONVERSION = YES;
				CLANG_WARN_INFINITE_RECURSION = YES;
				CLANG_WARN_INT_CONVERSION = YES;
				CLANG_WARN_OBJC_ROOT_CLASS = YES_ERROR;
				CLANG_WARN_SUSPICIOUS_MOVE = YES;
				CLANG_WARN_UNREACHABLE_CODE = YES;
				CLANG_WARN__DUPLICATE_METHOD_MATCH = YES;
				CODE_SIGN_IDENTITY = "-";
				COPY_PHASE_STRIP = NO;
				DEBUG_INFORMATION_FORMAT = "dwarf-with-dsym";
				ENABLE_NS_ASSERTIONS = NO;
				ENABLE_STRICT_OBJC_MSGSEND = YES;
				GCC_C_LANGUAGE_STANDARD = gnu99;
				GCC_NO_COMMON_BLOCKS = YES;
				GCC_WARN_64_TO_32_BIT_CONVERSION = YES;
				GCC_WARN_ABOUT_RETURN_TYPE = YES_ERROR;
				GCC_WARN_UNDECLARED_SELECTOR = YES;
				GCC_WARN_UNINITIALIZED_AUTOS = YES_AGGRESSIVE;
				GCC_WARN_UNUSED_FUNCTION = YES;
				GCC_WARN_UNUSED_VARIABLE = YES;
				HEADER_SEARCH_PATHS = /opt/X11/include;
				LIBRARY_SEARCH_PATHS = /opt/X11/lib;
				MACOSX_DEPLOYMENT_TARGET = 10.11;
				MTL_ENABLE_DEBUG_INFO = NO;
				SDKROOT = macosx;
				SYSTEM_HEADER_SEARCH_PATHS = "";
				USER_HEADER_SEARCH_PATHS = "";
				USE_HEADERMAP = YES;
			};
			name = Release;
		};
		FC5817C21EF228CA00895FAD /* Debug */ = {
			isa = XCBuildConfiguration;
			buildSettings = {
				HEADER_SEARCH_PATHS = (
					/usr/local/Cellar/jpeg/9c/include,
					./include,
					/opt/X11/include,
				);
				LD_RUNPATH_SEARCH_PATHS = $SRCROOT/lib;
				LIBRARY_SEARCH_PATHS = (
					/usr/local/Cellar/jpeg/9c/lib,
					/opt/X11/lib,
					./lib,
				);
				OTHER_LDFLAGS = (
					"-lpthread",
					"-lX11",
					"-ljpeg",
					"-lcblas",
					"-ltensorflow",
				);
				PRODUCT_NAME = "$(TARGET_NAME)";
			};
			name = Debug;
		};
		FC5817C31EF228CA00895FAD /* Release */ = {
			isa = XCBuildConfiguration;
			buildSettings = {
				HEADER_SEARCH_PATHS = (
					/usr/local/Cellar/jpeg/9c/include,
					./include,
					/opt/X11/include,
				);
				LD_RUNPATH_SEARCH_PATHS = $SRCROOT/lib;
				LIBRARY_SEARCH_PATHS = (
					/usr/local/Cellar/jpeg/9c/lib,
					/opt/X11/lib,
					./lib,
				);
				OTHER_LDFLAGS = (
					"-lpthread",
					"-lX11",
					"-ljpeg",
					"-lcblas",
					"-ltensorflow",
				);
				PRODUCT_NAME = "$(TARGET_NAME)";
			};
			name = Release;
		};
/* End XCBuildConfiguration section */

/* Begin XCConfigurationList section */
		FC5817B51EF228CA00895FAD /* Build configuration list for PBXProject "A4PaperScan" */ = {
			isa = XCConfigurationList;
			buildConfigurations = (
				FC5817BF1EF228CA00895FAD /* Debug */,
				FC5817C01EF228CA00895FAD /* Release */,
			);
			defaultConfigurationIsVisible = 0;
			defaultConfigurationName = Release;
		};
		FC5817C11EF228CA00895FAD /* Build configuration list for PBXNativeTarget "A4PaperScan" */ = {
			isa = XCConfigurationList;
			buildConfigurations = (
				FC5817C21EF228CA00895FAD /* Debug */,
				FC5817C31EF228CA00895FAD /* Release */,
			);
			defaultConfigurationIsVisible = 0;
			defaultConfigurationName = Release;
		};
/* End XCConfigurationList section */
	};
	rootObject = FC5817B21EF228CA00895FAD /* Project object */;
}
