// !$*UTF8*$!
{
	archiveVersion = 1;
	classes = {
	};
	objectVersion = 46;
	objects = {

/* Begin PBXBuildFile section */
		FC581A901EF22A3700895FAD /* canny.cpp in Sources */ = {isa = PBXBuildFile; fileRef = FC58192D1EF22A3600895FAD /* canny.cpp */; };
		FC581A911EF22A3700895FAD /* harris.cpp in Sources */ = {isa = PBXBuildFile; fileRef = FC581A861EF22A3700895FAD /* harris.cpp */; };
		FC581A921EF22A3700895FAD /* Hough_transform.cpp in Sources */ = {isa = PBXBuildFile; fileRef = FC581A891EF22A3700895FAD /* Hough_transform.cpp */; };
		FC581A931EF22A3700895FAD /* test.cpp in Sources */ = {isa = PBXBuildFile; fileRef = FC581A8B1EF22A3700895FAD /* test.cpp */; };
		FC581A941EF22A3700895FAD /* util.cpp in Sources */ = {isa = PBXBuildFile; fileRef = FC581A8C1EF22A3700895FAD /* util.cpp */; };
		FC581A951EF22A3700895FAD /* Warping.cpp in Sources */ = {isa = PBXBuildFile; fileRef = FC581A8E1EF22A3700895FAD /* Warping.cpp */; };
/* End PBXBuildFile section */

/* Begin PBXCopyFilesBuildPhase section */
		FC5817B81EF228CA00895FAD /* CopyFiles */ = {
			isa = PBXCopyFilesBuildPhase;
			buildActionMask = 2147483647;
			dstPath = /usr/share/man/man1/;
			dstSubfolderSpec = 0;
			files = (
			);
			runOnlyForDeploymentPostprocessing = 1;
		};
/* End PBXCopyFilesBuildPhase section */

/* Begin PBXFileReference section */
		FC5817BA1EF228CA00895FAD /* A4PaperScan */ = {isa = PBXFileReference; explicitFileType = "compiled.mach-o.executable"; includeInIndex = 0; path = A4PaperScan; sourceTree = BUILT_PRODUCTS_DIR; };
		FC58192D1EF22A3600895FAD /* canny.cpp */ = {isa = PBXFileReference; fileEncoding = 4; lastKnownFileType = sourcecode.cpp.cpp; path = canny.cpp; sourceTree = "<group>"; };
		FC58192E1EF22A3600895FAD /* canny.h */ = {isa = PBXFileReference; fileEncoding = 4; lastKnownFileType = sourcecode.c.h; path = canny.h; sourceTree = "<group>"; };
		FC581A861EF22A3700895FAD /* harris.cpp */ = {isa = PBXFileReference; fileEncoding = 4; lastKnownFileType = sourcecode.cpp.cpp; path = harris.cpp; sourceTree = "<group>"; };
		FC581A871EF22A3700895FAD /* harris.h */ = {isa = PBXFileReference; fileEncoding = 4; lastKnownFileType = sourcecode.c.h; path = harris.h; sourceTree = "<group>"; };
		FC581A881EF22A3700895FAD /* headers.h */ = {isa = PBXFileReference; fileEncoding = 4; lastKnownFileType = sourcecode.c.h; path = headers.h; sourceTree = "<group>"; };
		FC581A891EF22A3700895FAD /* Hough_transform.cpp */ = {isa = PBXFileReference; fileEncoding = 4; lastKnownFileType = sourcecode.cpp.cpp; path = Hough_transform.cpp; sourceTree = "<group>"; };
		FC581A8A1EF22A3700895FAD /* Hough_transform.h */ = {isa = PBXFileReference; fileEncoding = 4; lastKnownFileType = sourcecode.c.h; path = Hough_transform.h; sourceTree = "<group>"; };
		FC581A8B1EF22A3700895FAD /* test.cpp */ = {isa = PBXFileReference; fileEncoding = 4; lastKnownFileType = sourcecode.cpp.cpp; path = test.cpp; sourceTree = "<group>"; };
		FC581A8C1EF22A3700895FAD /* util.cpp */ = {isa = PBXFileReference; fileEncoding = 4; lastKnownFileType = sourcecode.cpp.cpp; path = util.cpp; sourceTree = "<group>"; };
		FC581A8D1EF22A3700895FAD /* util.h */ = {isa = PBXFileReference; fileEncoding = 4; lastKnownFileType = sourcecode.c.h; path = util.h; sourceTree = "<group>"; };
		FC581A8E1EF22A3700895FAD /* Warping.cpp */ = {isa = PBXFileReference; fileEncoding = 4; lastKnownFileType = sourcecode.cpp.cpp; path = Warping.cpp; sourceTree = "<group>"; };
		FC581A8F1EF22A3700895FAD /* Warping.h */ = {isa = PBXFileReference; fileEncoding = 4; lastKnownFileType = sourcecode.c.h; path = Warping.h; sourceTree = "<group>"; };
		FC581A971EF22AF000895FAD /* CImg.h */ = {isa = PBXFileReference; fileEncoding = 4; lastKnownFileType = sourcecode.c.h; name = CImg.h; path = include/CImg.h; sourceTree = "<group>"; };
		FC581A991EF22AF000895FAD /* Cholesky */ = {isa = PBXFileReference; fileEncoding = 4; lastKnownFileType = text; path = Cholesky; sourceTree = "<group>"; };
		FC581A9A1EF22AF000895FAD /* CholmodSupport */ = {isa = PBXFileReference; fileEncoding = 4; lastKnownFileType = text; path = CholmodSupport; sourceTree = "<group>"; };
		FC581A9B1EF22AF000895FAD /* CMakeLists.txt */ = {isa = PBXFileReference; fileEncoding = 4; lastKnownFileType = text; path = CMakeLists.txt; sourceTree = "<group>"; };
		FC581A9C1EF22AF000895FAD /* Core */ = {isa = PBXFileReference; fileEncoding = 4; lastKnownFileType = text; path = Core; sourceTree = "<group>"; };
		FC581A9D1EF22AF000895FAD /* Dense */ = {isa = PBXFileReference; fileEncoding = 4; lastKnownFileType = text; path = Dense; sourceTree = "<group>"; };
		FC581A9E1EF22AF000895FAD /* Eigen */ = {isa = PBXFileReference; fileEncoding = 4; lastKnownFileType = text; path = Eigen; sourceTree = "<group>"; };
		FC581A9F1EF22AF000895FAD /* Eigenvalues */ = {isa = PBXFileReference; fileEncoding = 4; lastKnownFileType = text; path = Eigenvalues; sourceTree = "<group>"; };
		FC581AA01EF22AF000895FAD /* Geometry */ = {isa = PBXFileReference; fileEncoding = 4; lastKnownFileType = text; path = Geometry; sourceTree = "<group>"; };
		FC581AA11EF22AF000895FAD /* Householder */ = {isa = PBXFileReference; fileEncoding = 4; lastKnownFileType = text; path = Householder; sourceTree = "<group>"; };
		FC581AA21EF22AF000895FAD /* IterativeLinearSolvers */ = {isa = PBXFileReference; fileEncoding = 4; lastKnownFileType = text; path = IterativeLinearSolvers; sourceTree = "<group>"; };
		FC581AA31EF22AF000895FAD /* Jacobi */ = {isa = PBXFileReference; fileEncoding = 4; lastKnownFileType = text; path = Jacobi; sourceTree = "<group>"; };
		FC581AA41EF22AF000895FAD /* LU */ = {isa = PBXFileReference; fileEncoding = 4; lastKnownFileType = text; path = LU; sourceTree = "<group>"; };
		FC581AA51EF22AF000895FAD /* MetisSupport */ = {isa = PBXFileReference; fileEncoding = 4; lastKnownFileType = text; path = MetisSupport; sourceTree = "<group>"; };
		FC581AA61EF22AF000895FAD /* OrderingMethods */ = {isa = PBXFileReference; fileEncoding = 4; lastKnownFileType = text; path = OrderingMethods; sourceTree = "<group>"; };
		FC581AA71EF22AF000895FAD /* PardisoSupport */ = {isa = PBXFileReference; fileEncoding = 4; lastKnownFileType = text; path = PardisoSupport; sourceTree = "<group>"; };
		FC581AA81EF22AF000895FAD /* PaStiXSupport */ = {isa = PBXFileReference; fileEncoding = 4; lastKnownFileType = text; path = PaStiXSupport; sourceTree = "<group>"; };
		FC581AA91EF22AF000895FAD /* QR */ = {isa = PBXFileReference; fileEncoding = 4; lastKnownFileType = text; path = QR; sourceTree = "<group>"; };
		FC581AAA1EF22AF000895FAD /* QtAlignedMalloc */ = {isa = PBXFileReference; fileEncoding = 4; lastKnownFileType = text; path = QtAlignedMalloc; sourceTree = "<group>"; };
		FC581AAB1EF22AF000895FAD /* Sparse */ = {isa = PBXFileReference; fileEncoding = 4; lastKnownFileType = text; path = Sparse; sourceTree = "<group>"; };
		FC581AAC1EF22AF000895FAD /* SparseCholesky */ = {isa = PBXFileReference; fileEncoding = 4; lastKnownFileType = text; path = SparseCholesky; sourceTree = "<group>"; };
		FC581AAD1EF22AF000895FAD /* SparseCore */ = {isa = PBXFileReference; fileEncoding = 4; lastKnownFileType = text; path = SparseCore; sourceTree = "<group>"; };
		FC581AAE1EF22AF000895FAD /* SparseLU */ = {isa = PBXFileReference; fileEncoding = 4; lastKnownFileType = text; path = SparseLU; sourceTree = "<group>"; };
		FC581AAF1EF22AF000895FAD /* SparseQR */ = {isa = PBXFileReference; fileEncoding = 4; lastKnownFileType = text; path = SparseQR; sourceTree = "<group>"; };
		FC581AB01EF22AF000895FAD /* SPQRSupport */ = {isa = PBXFileReference; fileEncoding = 4; lastKnownFileType = text; path = SPQRSupport; sourceTree = "<group>"; };
		FC581AB31EF22AF000895FAD /* LDLT.h */ = {isa = PBXFileReference; fileEncoding = 4; lastKnownFileType = sourcecode.c.h; path = LDLT.h; sourceTree = "<group>"; };
		FC581AB41EF22AF000895FAD /* LLT.h */ = {isa = PBXFileReference; fileEncoding = 4; lastKnownFileType = sourcecode.c.h; path = LLT.h; sourceTree = "<group>"; };
		FC581AB51EF22AF000895FAD /* LLT_LAPACKE.h */ = {isa = PBXFileReference; fileEncoding = 4; lastKnownFileType = sourcecode.c.h; path = LLT_LAPACKE.h; sourceTree = "<group>"; };
		FC581AB71EF22AF000895FAD /* CholmodSupport.h */ = {isa = PBXFileReference; fileEncoding = 4; lastKnownFileType = sourcecode.c.h; path = CholmodSupport.h; sourceTree = "<group>"; };
		FC581ABB1EF22AF000895FAD /* Complex.h */ = {isa = PBXFileReference; fileEncoding = 4; lastKnownFileType = sourcecode.c.h; path = Complex.h; sourceTree = "<group>"; };
		FC581ABC1EF22AF000895FAD /* MathFunctions.h */ = {isa = PBXFileReference; fileEncoding = 4; lastKnownFileType = sourcecode.c.h; path = MathFunctions.h; sourceTree = "<group>"; };
		FC581ABD1EF22AF000895FAD /* PacketMath.h */ = {isa = PBXFileReference; fileEncoding = 4; lastKnownFileType = sourcecode.c.h; path = PacketMath.h; sourceTree = "<group>"; };
		FC581ABF1EF22AF000895FAD /* Complex.h */ = {isa = PBXFileReference; fileEncoding = 4; lastKnownFileType = sourcecode.c.h; path = Complex.h; sourceTree = "<group>"; };
		FC581AC01EF22AF000895FAD /* MathFunctions.h */ = {isa = PBXFileReference; fileEncoding = 4; lastKnownFileType = sourcecode.c.h; path = MathFunctions.h; sourceTree = "<group>"; };
		FC581AC11EF22AF000895FAD /* PacketMath.h */ = {isa = PBXFileReference; fileEncoding = 4; lastKnownFileType = sourcecode.c.h; path = PacketMath.h; sourceTree = "<group>"; };
		FC581AC21EF22AF000895FAD /* TypeCasting.h */ = {isa = PBXFileReference; fileEncoding = 4; lastKnownFileType = sourcecode.c.h; path = TypeCasting.h; sourceTree = "<group>"; };
		FC581AC41EF22AF000895FAD /* MathFunctions.h */ = {isa = PBXFileReference; fileEncoding = 4; lastKnownFileType = sourcecode.c.h; path = MathFunctions.h; sourceTree = "<group>"; };
		FC581AC51EF22AF000895FAD /* PacketMath.h */ = {isa = PBXFileReference; fileEncoding = 4; lastKnownFileType = sourcecode.c.h; path = PacketMath.h; sourceTree = "<group>"; };
		FC581AC71EF22AF000895FAD /* Complex.h */ = {isa = PBXFileReference; fileEncoding = 4; lastKnownFileType = sourcecode.c.h; path = Complex.h; sourceTree = "<group>"; };
		FC581AC81EF22AF000895FAD /* Half.h */ = {isa = PBXFileReference; fileEncoding = 4; lastKnownFileType = sourcecode.c.h; path = Half.h; sourceTree = "<group>"; };
		FC581AC91EF22AF000895FAD /* MathFunctions.h */ = {isa = PBXFileReference; fileEncoding = 4; lastKnownFileType = sourcecode.c.h; path = MathFunctions.h; sourceTree = "<group>"; };
		FC581ACA1EF22AF000895FAD /* PacketMath.h */ = {isa = PBXFileReference; fileEncoding = 4; lastKnownFileType = sourcecode.c.h; path = PacketMath.h; sourceTree = "<group>"; };
		FC581ACB1EF22AF000895FAD /* PacketMathHalf.h */ = {isa = PBXFileReference; fileEncoding = 4; lastKnownFileType = sourcecode.c.h; path = PacketMathHalf.h; sourceTree = "<group>"; };
		FC581ACC1EF22AF000895FAD /* TypeCasting.h */ = {isa = PBXFileReference; fileEncoding = 4; lastKnownFileType = sourcecode.c.h; path = TypeCasting.h; sourceTree = "<group>"; };
		FC581ACE1EF22AF000895FAD /* Settings.h */ = {isa = PBXFileReference; fileEncoding = 4; lastKnownFileType = sourcecode.c.h; path = Settings.h; sourceTree = "<group>"; };
		FC581AD01EF22AF000895FAD /* Complex.h */ = {isa = PBXFileReference; fileEncoding = 4; lastKnownFileType = sourcecode.c.h; path = Complex.h; sourceTree = "<group>"; };
		FC581AD11EF22AF000895FAD /* MathFunctions.h */ = {isa = PBXFileReference; fileEncoding = 4; lastKnownFileType = sourcecode.c.h; path = MathFunctions.h; sourceTree = "<group>"; };
		FC581AD21EF22AF000895FAD /* PacketMath.h */ = {isa = PBXFileReference; fileEncoding = 4; lastKnownFileType = sourcecode.c.h; path = PacketMath.h; sourceTree = "<group>"; };
		FC581AD41EF22AF000895FAD /* Complex.h */ = {isa = PBXFileReference; fileEncoding = 4; lastKnownFileType = sourcecode.c.h; path = Complex.h; sourceTree = "<group>"; };
		FC581AD51EF22AF000895FAD /* MathFunctions.h */ = {isa = PBXFileReference; fileEncoding = 4; lastKnownFileType = sourcecode.c.h; path = MathFunctions.h; sourceTree = "<group>"; };
		FC581AD61EF22AF000895FAD /* PacketMath.h */ = {isa = PBXFileReference; fileEncoding = 4; lastKnownFileType = sourcecode.c.h; path = PacketMath.h; sourceTree = "<group>"; };
		FC581AD71EF22AF000895FAD /* TypeCasting.h */ = {isa = PBXFileReference; fileEncoding = 4; lastKnownFileType = sourcecode.c.h; path = TypeCasting.h; sourceTree = "<group>"; };
		FC581AD91EF22AF000895FAD /* Complex.h */ = {isa = PBXFileReference; fileEncoding = 4; lastKnownFileType = sourcecode.c.h; path = Complex.h; sourceTree = "<group>"; };
		FC581ADA1EF22AF000895FAD /* MathFunctions.h */ = {isa = PBXFileReference; fileEncoding = 4; lastKnownFileType = sourcecode.c.h; path = MathFunctions.h; sourceTree = "<group>"; };
		FC581ADB1EF22AF000895FAD /* PacketMath.h */ = {isa = PBXFileReference; fileEncoding = 4; lastKnownFileType = sourcecode.c.h; path = PacketMath.h; sourceTree = "<group>"; };
		FC581ADC1EF22AF000895FAD /* Array.h */ = {isa = PBXFileReference; fileEncoding = 4; lastKnownFileType = sourcecode.c.h; path = Array.h; sourceTree = "<group>"; };
		FC581ADD1EF22AF000895FAD /* ArrayBase.h */ = {isa = PBXFileReference; fileEncoding = 4; lastKnownFileType = sourcecode.c.h; path = ArrayBase.h; sourceTree = "<group>"; };
		FC581ADE1EF22AF000895FAD /* ArrayWrapper.h */ = {isa = PBXFileReference; fileEncoding = 4; lastKnownFileType = sourcecode.c.h; path = ArrayWrapper.h; sourceTree = "<group>"; };
		FC581ADF1EF22AF000895FAD /* Assign.h */ = {isa = PBXFileReference; fileEncoding = 4; lastKnownFileType = sourcecode.c.h; path = Assign.h; sourceTree = "<group>"; };
		FC581AE01EF22AF000895FAD /* Assign_MKL.h */ = {isa = PBXFileReference; fileEncoding = 4; lastKnownFileType = sourcecode.c.h; path = Assign_MKL.h; sourceTree = "<group>"; };
		FC581AE11EF22AF000895FAD /* AssignEvaluator.h */ = {isa = PBXFileReference; fileEncoding = 4; lastKnownFileType = sourcecode.c.h; path = AssignEvaluator.h; sourceTree = "<group>"; };
		FC581AE21EF22AF000895FAD /* BandMatrix.h */ = {isa = PBXFileReference; fileEncoding = 4; lastKnownFileType = sourcecode.c.h; path = BandMatrix.h; sourceTree = "<group>"; };
		FC581AE31EF22AF000895FAD /* Block.h */ = {isa = PBXFileReference; fileEncoding = 4; lastKnownFileType = sourcecode.c.h; path = Block.h; sourceTree = "<group>"; };
		FC581AE41EF22AF000895FAD /* BooleanRedux.h */ = {isa = PBXFileReference; fileEncoding = 4; lastKnownFileType = sourcecode.c.h; path = BooleanRedux.h; sourceTree = "<group>"; };
		FC581AE51EF22AF000895FAD /* CommaInitializer.h */ = {isa = PBXFileReference; fileEncoding = 4; lastKnownFileType = sourcecode.c.h; path = CommaInitializer.h; sourceTree = "<group>"; };
		FC581AE61EF22AF000895FAD /* ConditionEstimator.h */ = {isa = PBXFileReference; fileEncoding = 4; lastKnownFileType = sourcecode.c.h; path = ConditionEstimator.h; sourceTree = "<group>"; };
		FC581AE71EF22AF000895FAD /* CoreEvaluators.h */ = {isa = PBXFileReference; fileEncoding = 4; lastKnownFileType = sourcecode.c.h; path = CoreEvaluators.h; sourceTree = "<group>"; };
		FC581AE81EF22AF000895FAD /* CoreIterators.h */ = {isa = PBXFileReference; fileEncoding = 4; lastKnownFileType = sourcecode.c.h; path = CoreIterators.h; sourceTree = "<group>"; };
		FC581AE91EF22AF000895FAD /* CwiseBinaryOp.h */ = {isa = PBXFileReference; fileEncoding = 4; lastKnownFileType = sourcecode.c.h; path = CwiseBinaryOp.h; sourceTree = "<group>"; };
		FC581AEA1EF22AF000895FAD /* CwiseNullaryOp.h */ = {isa = PBXFileReference; fileEncoding = 4; lastKnownFileType = sourcecode.c.h; path = CwiseNullaryOp.h; sourceTree = "<group>"; };
		FC581AEB1EF22AF000895FAD /* CwiseTernaryOp.h */ = {isa = PBXFileReference; fileEncoding = 4; lastKnownFileType = sourcecode.c.h; path = CwiseTernaryOp.h; sourceTree = "<group>"; };
		FC581AEC1EF22AF000895FAD /* CwiseUnaryOp.h */ = {isa = PBXFileReference; fileEncoding = 4; lastKnownFileType = sourcecode.c.h; path = CwiseUnaryOp.h; sourceTree = "<group>"; };
		FC581AED1EF22AF000895FAD /* CwiseUnaryView.h */ = {isa = PBXFileReference; fileEncoding = 4; lastKnownFileType = sourcecode.c.h; path = CwiseUnaryView.h; sourceTree = "<group>"; };
		FC581AEE1EF22AF000895FAD /* DenseBase.h */ = {isa = PBXFileReference; fileEncoding = 4; lastKnownFileType = sourcecode.c.h; path = DenseBase.h; sourceTree = "<group>"; };
		FC581AEF1EF22AF000895FAD /* DenseCoeffsBase.h */ = {isa = PBXFileReference; fileEncoding = 4; lastKnownFileType = sourcecode.c.h; path = DenseCoeffsBase.h; sourceTree = "<group>"; };
		FC581AF01EF22AF000895FAD /* DenseStorage.h */ = {isa = PBXFileReference; fileEncoding = 4; lastKnownFileType = sourcecode.c.h; path = DenseStorage.h; sourceTree = "<group>"; };
		FC581AF11EF22AF000895FAD /* Diagonal.h */ = {isa = PBXFileReference; fileEncoding = 4; lastKnownFileType = sourcecode.c.h; path = Diagonal.h; sourceTree = "<group>"; };
		FC581AF21EF22AF000895FAD /* DiagonalMatrix.h */ = {isa = PBXFileReference; fileEncoding = 4; lastKnownFileType = sourcecode.c.h; path = DiagonalMatrix.h; sourceTree = "<group>"; };
		FC581AF31EF22AF000895FAD /* DiagonalProduct.h */ = {isa = PBXFileReference; fileEncoding = 4; lastKnownFileType = sourcecode.c.h; path = DiagonalProduct.h; sourceTree = "<group>"; };
		FC581AF41EF22AF000895FAD /* Dot.h */ = {isa = PBXFileReference; fileEncoding = 4; lastKnownFileType = sourcecode.c.h; path = Dot.h; sourceTree = "<group>"; };
		FC581AF51EF22AF000895FAD /* EigenBase.h */ = {isa = PBXFileReference; fileEncoding = 4; lastKnownFileType = sourcecode.c.h; path = EigenBase.h; sourceTree = "<group>"; };
		FC581AF61EF22AF000895FAD /* ForceAlignedAccess.h */ = {isa = PBXFileReference; fileEncoding = 4; lastKnownFileType = sourcecode.c.h; path = ForceAlignedAccess.h; sourceTree = "<group>"; };
		FC581AF81EF22AF000895FAD /* AssignmentFunctors.h */ = {isa = PBXFileReference; fileEncoding = 4; lastKnownFileType = sourcecode.c.h; path = AssignmentFunctors.h; sourceTree = "<group>"; };
		FC581AF91EF22AF000895FAD /* BinaryFunctors.h */ = {isa = PBXFileReference; fileEncoding = 4; lastKnownFileType = sourcecode.c.h; path = BinaryFunctors.h; sourceTree = "<group>"; };
		FC581AFA1EF22AF000895FAD /* NullaryFunctors.h */ = {isa = PBXFileReference; fileEncoding = 4; lastKnownFileType = sourcecode.c.h; path = NullaryFunctors.h; sourceTree = "<group>"; };
		FC581AFB1EF22AF000895FAD /* StlFunctors.h */ = {isa = PBXFileReference; fileEncoding = 4; lastKnownFileType = sourcecode.c.h; path = StlFunctors.h; sourceTree = "<group>"; };
		FC581AFC1EF22AF000895FAD /* TernaryFunctors.h */ = {isa = PBXFileReference; fileEncoding = 4; lastKnownFileType = sourcecode.c.h; path = TernaryFunctors.h; sourceTree = "<group>"; };
		FC581AFD1EF22AF000895FAD /* UnaryFunctors.h */ = {isa = PBXFileReference; fileEncoding = 4; lastKnownFileType = sourcecode.c.h; path = UnaryFunctors.h; sourceTree = "<group>"; };
		FC581AFE1EF22AF000895FAD /* Fuzzy.h */ = {isa = PBXFileReference; fileEncoding = 4; lastKnownFileType = sourcecode.c.h; path = Fuzzy.h; sourceTree = "<group>"; };
		FC581AFF1EF22AF000895FAD /* GeneralProduct.h */ = {isa = PBXFileReference; fileEncoding = 4; lastKnownFileType = sourcecode.c.h; path = GeneralProduct.h; sourceTree = "<group>"; };
		FC581B001EF22AF000895FAD /* GenericPacketMath.h */ = {isa = PBXFileReference; fileEncoding = 4; lastKnownFileType = sourcecode.c.h; path = GenericPacketMath.h; sourceTree = "<group>"; };
		FC581B011EF22AF000895FAD /* GlobalFunctions.h */ = {isa = PBXFileReference; fileEncoding = 4; lastKnownFileType = sourcecode.c.h; path = GlobalFunctions.h; sourceTree = "<group>"; };
		FC581B021EF22AF000895FAD /* Inverse.h */ = {isa = PBXFileReference; fileEncoding = 4; lastKnownFileType = sourcecode.c.h; path = Inverse.h; sourceTree = "<group>"; };
		FC581B031EF22AF000895FAD /* IO.h */ = {isa = PBXFileReference; fileEncoding = 4; lastKnownFileType = sourcecode.c.h; path = IO.h; sourceTree = "<group>"; };
		FC581B041EF22AF000895FAD /* Map.h */ = {isa = PBXFileReference; fileEncoding = 4; lastKnownFileType = sourcecode.c.h; path = Map.h; sourceTree = "<group>"; };
		FC581B051EF22AF000895FAD /* MapBase.h */ = {isa = PBXFileReference; fileEncoding = 4; lastKnownFileType = sourcecode.c.h; path = MapBase.h; sourceTree = "<group>"; };
		FC581B061EF22AF000895FAD /* MathFunctions.h */ = {isa = PBXFileReference; fileEncoding = 4; lastKnownFileType = sourcecode.c.h; path = MathFunctions.h; sourceTree = "<group>"; };
		FC581B071EF22AF000895FAD /* MathFunctionsImpl.h */ = {isa = PBXFileReference; fileEncoding = 4; lastKnownFileType = sourcecode.c.h; path = MathFunctionsImpl.h; sourceTree = "<group>"; };
		FC581B081EF22AF000895FAD /* Matrix.h */ = {isa = PBXFileReference; fileEncoding = 4; lastKnownFileType = sourcecode.c.h; path = Matrix.h; sourceTree = "<group>"; };
		FC581B091EF22AF000895FAD /* MatrixBase.h */ = {isa = PBXFileReference; fileEncoding = 4; lastKnownFileType = sourcecode.c.h; path = MatrixBase.h; sourceTree = "<group>"; };
		FC581B0A1EF22AF000895FAD /* NestByValue.h */ = {isa = PBXFileReference; fileEncoding = 4; lastKnownFileType = sourcecode.c.h; path = NestByValue.h; sourceTree = "<group>"; };
		FC581B0B1EF22AF000895FAD /* NoAlias.h */ = {isa = PBXFileReference; fileEncoding = 4; lastKnownFileType = sourcecode.c.h; path = NoAlias.h; sourceTree = "<group>"; };
		FC581B0C1EF22AF000895FAD /* NumTraits.h */ = {isa = PBXFileReference; fileEncoding = 4; lastKnownFileType = sourcecode.c.h; path = NumTraits.h; sourceTree = "<group>"; };
		FC581B0D1EF22AF000895FAD /* PermutationMatrix.h */ = {isa = PBXFileReference; fileEncoding = 4; lastKnownFileType = sourcecode.c.h; path = PermutationMatrix.h; sourceTree = "<group>"; };
		FC581B0E1EF22AF000895FAD /* PlainObjectBase.h */ = {isa = PBXFileReference; fileEncoding = 4; lastKnownFileType = sourcecode.c.h; path = PlainObjectBase.h; sourceTree = "<group>"; };
		FC581B0F1EF22AF000895FAD /* Product.h */ = {isa = PBXFileReference; fileEncoding = 4; lastKnownFileType = sourcecode.c.h; path = Product.h; sourceTree = "<group>"; };
		FC581B101EF22AF000895FAD /* ProductEvaluators.h */ = {isa = PBXFileReference; fileEncoding = 4; lastKnownFileType = sourcecode.c.h; path = ProductEvaluators.h; sourceTree = "<group>"; };
		FC581B121EF22AF000895FAD /* GeneralBlockPanelKernel.h */ = {isa = PBXFileReference; fileEncoding = 4; lastKnownFileType = sourcecode.c.h; path = GeneralBlockPanelKernel.h; sourceTree = "<group>"; };
		FC581B131EF22AF000895FAD /* GeneralMatrixMatrix.h */ = {isa = PBXFileReference; fileEncoding = 4; lastKnownFileType = sourcecode.c.h; path = GeneralMatrixMatrix.h; sourceTree = "<group>"; };
		FC581B141EF22AF000895FAD /* GeneralMatrixMatrix_BLAS.h */ = {isa = PBXFileReference; fileEncoding = 4; lastKnownFileType = sourcecode.c.h; path = GeneralMatrixMatrix_BLAS.h; sourceTree = "<group>"; };
		FC581B151EF22AF000895FAD /* GeneralMatrixMatrixTriangular.h */ = {isa = PBXFileReference; fileEncoding = 4; lastKnownFileType = sourcecode.c.h; path = GeneralMatrixMatrixTriangular.h; sourceTree = "<group>"; };
		FC581B161EF22AF000895FAD /* GeneralMatrixMatrixTriangular_BLAS.h */ = {isa = PBXFileReference; fileEncoding = 4; lastKnownFileType = sourcecode.c.h; path = GeneralMatrixMatrixTriangular_BLAS.h; sourceTree = "<group>"; };
		FC581B171EF22AF000895FAD /* GeneralMatrixVector.h */ = {isa = PBXFileReference; fileEncoding = 4; lastKnownFileType = sourcecode.c.h; path = GeneralMatrixVector.h; sourceTree = "<group>"; };
		FC581B181EF22AF000895FAD /* GeneralMatrixVector_BLAS.h */ = {isa = PBXFileReference; fileEncoding = 4; lastKnownFileType = sourcecode.c.h; path = GeneralMatrixVector_BLAS.h; sourceTree = "<group>"; };
		FC581B191EF22AF000895FAD /* Parallelizer.h */ = {isa = PBXFileReference; fileEncoding = 4; lastKnownFileType = sourcecode.c.h; path = Parallelizer.h; sourceTree = "<group>"; };
		FC581B1A1EF22AF000895FAD /* SelfadjointMatrixMatrix.h */ = {isa = PBXFileReference; fileEncoding = 4; lastKnownFileType = sourcecode.c.h; path = SelfadjointMatrixMatrix.h; sourceTree = "<group>"; };
		FC581B1B1EF22AF000895FAD /* SelfadjointMatrixMatrix_BLAS.h */ = {isa = PBXFileReference; fileEncoding = 4; lastKnownFileType = sourcecode.c.h; path = SelfadjointMatrixMatrix_BLAS.h; sourceTree = "<group>"; };
		FC581B1C1EF22AF000895FAD /* SelfadjointMatrixVector.h */ = {isa = PBXFileReference; fileEncoding = 4; lastKnownFileType = sourcecode.c.h; path = SelfadjointMatrixVector.h; sourceTree = "<group>"; };
		FC581B1D1EF22AF000895FAD /* SelfadjointMatrixVector_BLAS.h */ = {isa = PBXFileReference; fileEncoding = 4; lastKnownFileType = sourcecode.c.h; path = SelfadjointMatrixVector_BLAS.h; sourceTree = "<group>"; };
		FC581B1E1EF22AF000895FAD /* SelfadjointProduct.h */ = {isa = PBXFileReference; fileEncoding = 4; lastKnownFileType = sourcecode.c.h; path = SelfadjointProduct.h; sourceTree = "<group>"; };
		FC581B1F1EF22AF000895FAD /* SelfadjointRank2Update.h */ = {isa = PBXFileReference; fileEncoding = 4; lastKnownFileType = sourcecode.c.h; path = SelfadjointRank2Update.h; sourceTree = "<group>"; };
		FC581B201EF22AF000895FAD /* TriangularMatrixMatrix.h */ = {isa = PBXFileReference; fileEncoding = 4; lastKnownFileType = sourcecode.c.h; path = TriangularMatrixMatrix.h; sourceTree = "<group>"; };
		FC581B211EF22AF000895FAD /* TriangularMatrixMatrix_BLAS.h */ = {isa = PBXFileReference; fileEncoding = 4; lastKnownFileType = sourcecode.c.h; path = TriangularMatrixMatrix_BLAS.h; sourceTree = "<group>"; };
		FC581B221EF22AF000895FAD /* TriangularMatrixVector.h */ = {isa = PBXFileReference; fileEncoding = 4; lastKnownFileType = sourcecode.c.h; path = TriangularMatrixVector.h; sourceTree = "<group>"; };
		FC581B231EF22AF000895FAD /* TriangularMatrixVector_BLAS.h */ = {isa = PBXFileReference; fileEncoding = 4; lastKnownFileType = sourcecode.c.h; path = TriangularMatrixVector_BLAS.h; sourceTree = "<group>"; };
		FC581B241EF22AF000895FAD /* TriangularSolverMatrix.h */ = {isa = PBXFileReference; fileEncoding = 4; lastKnownFileType = sourcecode.c.h; path = TriangularSolverMatrix.h; sourceTree = "<group>"; };
		FC581B251EF22AF000895FAD /* TriangularSolverMatrix_BLAS.h */ = {isa = PBXFileReference; fileEncoding = 4; lastKnownFileType = sourcecode.c.h; path = TriangularSolverMatrix_BLAS.h; sourceTree = "<group>"; };
		FC581B261EF22AF000895FAD /* TriangularSolverVector.h */ = {isa = PBXFileReference; fileEncoding = 4; lastKnownFileType = sourcecode.c.h; path = TriangularSolverVector.h; sourceTree = "<group>"; };
		FC581B271EF22AF000895FAD /* Random.h */ = {isa = PBXFileReference; fileEncoding = 4; lastKnownFileType = sourcecode.c.h; path = Random.h; sourceTree = "<group>"; };
		FC581B281EF22AF000895FAD /* Redux.h */ = {isa = PBXFileReference; fileEncoding = 4; lastKnownFileType = sourcecode.c.h; path = Redux.h; sourceTree = "<group>"; };
		FC581B291EF22AF000895FAD /* Ref.h */ = {isa = PBXFileReference; fileEncoding = 4; lastKnownFileType = sourcecode.c.h; path = Ref.h; sourceTree = "<group>"; };
		FC581B2A1EF22AF000895FAD /* Replicate.h */ = {isa = PBXFileReference; fileEncoding = 4; lastKnownFileType = sourcecode.c.h; path = Replicate.h; sourceTree = "<group>"; };
		FC581B2B1EF22AF000895FAD /* ReturnByValue.h */ = {isa = PBXFileReference; fileEncoding = 4; lastKnownFileType = sourcecode.c.h; path = ReturnByValue.h; sourceTree = "<group>"; };
		FC581B2C1EF22AF000895FAD /* Reverse.h */ = {isa = PBXFileReference; fileEncoding = 4; lastKnownFileType = sourcecode.c.h; path = Reverse.h; sourceTree = "<group>"; };
		FC581B2D1EF22AF000895FAD /* Select.h */ = {isa = PBXFileReference; fileEncoding = 4; lastKnownFileType = sourcecode.c.h; path = Select.h; sourceTree = "<group>"; };
		FC581B2E1EF22AF000895FAD /* SelfAdjointView.h */ = {isa = PBXFileReference; fileEncoding = 4; lastKnownFileType = sourcecode.c.h; path = SelfAdjointView.h; sourceTree = "<group>"; };
		FC581B2F1EF22AF000895FAD /* SelfCwiseBinaryOp.h */ = {isa = PBXFileReference; fileEncoding = 4; lastKnownFileType = sourcecode.c.h; path = SelfCwiseBinaryOp.h; sourceTree = "<group>"; };
		FC581B301EF22AF000895FAD /* Solve.h */ = {isa = PBXFileReference; fileEncoding = 4; lastKnownFileType = sourcecode.c.h; path = Solve.h; sourceTree = "<group>"; };
		FC581B311EF22AF000895FAD /* SolverBase.h */ = {isa = PBXFileReference; fileEncoding = 4; lastKnownFileType = sourcecode.c.h; path = SolverBase.h; sourceTree = "<group>"; };
		FC581B321EF22AF000895FAD /* SolveTriangular.h */ = {isa = PBXFileReference; fileEncoding = 4; lastKnownFileType = sourcecode.c.h; path = SolveTriangular.h; sourceTree = "<group>"; };
		FC581B331EF22AF000895FAD /* StableNorm.h */ = {isa = PBXFileReference; fileEncoding = 4; lastKnownFileType = sourcecode.c.h; path = StableNorm.h; sourceTree = "<group>"; };
		FC581B341EF22AF000895FAD /* Stride.h */ = {isa = PBXFileReference; fileEncoding = 4; lastKnownFileType = sourcecode.c.h; path = Stride.h; sourceTree = "<group>"; };
		FC581B351EF22AF000895FAD /* Swap.h */ = {isa = PBXFileReference; fileEncoding = 4; lastKnownFileType = sourcecode.c.h; path = Swap.h; sourceTree = "<group>"; };
		FC581B361EF22AF000895FAD /* Transpose.h */ = {isa = PBXFileReference; fileEncoding = 4; lastKnownFileType = sourcecode.c.h; path = Transpose.h; sourceTree = "<group>"; };
		FC581B371EF22AF000895FAD /* Transpositions.h */ = {isa = PBXFileReference; fileEncoding = 4; lastKnownFileType = sourcecode.c.h; path = Transpositions.h; sourceTree = "<group>"; };
		FC581B381EF22AF000895FAD /* TriangularMatrix.h */ = {isa = PBXFileReference; fileEncoding = 4; lastKnownFileType = sourcecode.c.h; path = TriangularMatrix.h; sourceTree = "<group>"; };
		FC581B3A1EF22AF000895FAD /* BlasUtil.h */ = {isa = PBXFileReference; fileEncoding = 4; lastKnownFileType = sourcecode.c.h; path = BlasUtil.h; sourceTree = "<group>"; };
		FC581B3B1EF22AF000895FAD /* Constants.h */ = {isa = PBXFileReference; fileEncoding = 4; lastKnownFileType = sourcecode.c.h; path = Constants.h; sourceTree = "<group>"; };
		FC581B3C1EF22AF000895FAD /* DisableStupidWarnings.h */ = {isa = PBXFileReference; fileEncoding = 4; lastKnownFileType = sourcecode.c.h; path = DisableStupidWarnings.h; sourceTree = "<group>"; };
		FC581B3D1EF22AF000895FAD /* ForwardDeclarations.h */ = {isa = PBXFileReference; fileEncoding = 4; lastKnownFileType = sourcecode.c.h; path = ForwardDeclarations.h; sourceTree = "<group>"; };
		FC581B3E1EF22AF000895FAD /* Macros.h */ = {isa = PBXFileReference; fileEncoding = 4; lastKnownFileType = sourcecode.c.h; path = Macros.h; sourceTree = "<group>"; };
		FC581B3F1EF22AF000895FAD /* Memory.h */ = {isa = PBXFileReference; fileEncoding = 4; lastKnownFileType = sourcecode.c.h; path = Memory.h; sourceTree = "<group>"; };
		FC581B401EF22AF000895FAD /* Meta.h */ = {isa = PBXFileReference; fileEncoding = 4; lastKnownFileType = sourcecode.c.h; path = Meta.h; sourceTree = "<group>"; };
		FC581B411EF22AF000895FAD /* MKL_support.h */ = {isa = PBXFileReference; fileEncoding = 4; lastKnownFileType = sourcecode.c.h; path = MKL_support.h; sourceTree = "<group>"; };
		FC581B421EF22AF000895FAD /* NonMPL2.h */ = {isa = PBXFileReference; fileEncoding = 4; lastKnownFileType = sourcecode.c.h; path = NonMPL2.h; sourceTree = "<group>"; };
		FC581B431EF22AF000895FAD /* ReenableStupidWarnings.h */ = {isa = PBXFileReference; fileEncoding = 4; lastKnownFileType = sourcecode.c.h; path = ReenableStupidWarnings.h; sourceTree = "<group>"; };
		FC581B441EF22AF000895FAD /* StaticAssert.h */ = {isa = PBXFileReference; fileEncoding = 4; lastKnownFileType = sourcecode.c.h; path = StaticAssert.h; sourceTree = "<group>"; };
		FC581B451EF22AF000895FAD /* XprHelper.h */ = {isa = PBXFileReference; fileEncoding = 4; lastKnownFileType = sourcecode.c.h; path = XprHelper.h; sourceTree = "<group>"; };
		FC581B461EF22AF000895FAD /* VectorBlock.h */ = {isa = PBXFileReference; fileEncoding = 4; lastKnownFileType = sourcecode.c.h; path = VectorBlock.h; sourceTree = "<group>"; };
		FC581B471EF22AF000895FAD /* VectorwiseOp.h */ = {isa = PBXFileReference; fileEncoding = 4; lastKnownFileType = sourcecode.c.h; path = VectorwiseOp.h; sourceTree = "<group>"; };
		FC581B481EF22AF000895FAD /* Visitor.h */ = {isa = PBXFileReference; fileEncoding = 4; lastKnownFileType = sourcecode.c.h; path = Visitor.h; sourceTree = "<group>"; };
		FC581B4A1EF22AF000895FAD /* ComplexEigenSolver.h */ = {isa = PBXFileReference; fileEncoding = 4; lastKnownFileType = sourcecode.c.h; path = ComplexEigenSolver.h; sourceTree = "<group>"; };
		FC581B4B1EF22AF000895FAD /* ComplexSchur.h */ = {isa = PBXFileReference; fileEncoding = 4; lastKnownFileType = sourcecode.c.h; path = ComplexSchur.h; sourceTree = "<group>"; };
		FC581B4C1EF22AF000895FAD /* ComplexSchur_LAPACKE.h */ = {isa = PBXFileReference; fileEncoding = 4; lastKnownFileType = sourcecode.c.h; path = ComplexSchur_LAPACKE.h; sourceTree = "<group>"; };
		FC581B4D1EF22AF000895FAD /* EigenSolver.h */ = {isa = PBXFileReference; fileEncoding = 4; lastKnownFileType = sourcecode.c.h; path = EigenSolver.h; sourceTree = "<group>"; };
		FC581B4E1EF22AF000895FAD /* GeneralizedEigenSolver.h */ = {isa = PBXFileReference; fileEncoding = 4; lastKnownFileType = sourcecode.c.h; path = GeneralizedEigenSolver.h; sourceTree = "<group>"; };
		FC581B4F1EF22AF000895FAD /* GeneralizedSelfAdjointEigenSolver.h */ = {isa = PBXFileReference; fileEncoding = 4; lastKnownFileType = sourcecode.c.h; path = GeneralizedSelfAdjointEigenSolver.h; sourceTree = "<group>"; };
		FC581B501EF22AF000895FAD /* HessenbergDecomposition.h */ = {isa = PBXFileReference; fileEncoding = 4; lastKnownFileType = sourcecode.c.h; path = HessenbergDecomposition.h; sourceTree = "<group>"; };
		FC581B511EF22AF000895FAD /* MatrixBaseEigenvalues.h */ = {isa = PBXFileReference; fileEncoding = 4; lastKnownFileType = sourcecode.c.h; path = MatrixBaseEigenvalues.h; sourceTree = "<group>"; };
		FC581B521EF22AF000895FAD /* RealQZ.h */ = {isa = PBXFileReference; fileEncoding = 4; lastKnownFileType = sourcecode.c.h; path = RealQZ.h; sourceTree = "<group>"; };
		FC581B531EF22AF000895FAD /* RealSchur.h */ = {isa = PBXFileReference; fileEncoding = 4; lastKnownFileType = sourcecode.c.h; path = RealSchur.h; sourceTree = "<group>"; };
		FC581B541EF22AF000895FAD /* RealSchur_LAPACKE.h */ = {isa = PBXFileReference; fileEncoding = 4; lastKnownFileType = sourcecode.c.h; path = RealSchur_LAPACKE.h; sourceTree = "<group>"; };
		FC581B551EF22AF000895FAD /* SelfAdjointEigenSolver.h */ = {isa = PBXFileReference; fileEncoding = 4; lastKnownFileType = sourcecode.c.h; path = SelfAdjointEigenSolver.h; sourceTree = "<group>"; };
		FC581B561EF22AF000895FAD /* SelfAdjointEigenSolver_LAPACKE.h */ = {isa = PBXFileReference; fileEncoding = 4; lastKnownFileType = sourcecode.c.h; path = SelfAdjointEigenSolver_LAPACKE.h; sourceTree = "<group>"; };
		FC581B571EF22AF000895FAD /* Tridiagonalization.h */ = {isa = PBXFileReference; fileEncoding = 4; lastKnownFileType = sourcecode.c.h; path = Tridiagonalization.h; sourceTree = "<group>"; };
		FC581B591EF22AF000895FAD /* AlignedBox.h */ = {isa = PBXFileReference; fileEncoding = 4; lastKnownFileType = sourcecode.c.h; path = AlignedBox.h; sourceTree = "<group>"; };
		FC581B5A1EF22AF000895FAD /* AngleAxis.h */ = {isa = PBXFileReference; fileEncoding = 4; lastKnownFileType = sourcecode.c.h; path = AngleAxis.h; sourceTree = "<group>"; };
		FC581B5C1EF22AF000895FAD /* Geometry_SSE.h */ = {isa = PBXFileReference; fileEncoding = 4; lastKnownFileType = sourcecode.c.h; path = Geometry_SSE.h; sourceTree = "<group>"; };
		FC581B5D1EF22AF000895FAD /* EulerAngles.h */ = {isa = PBXFileReference; fileEncoding = 4; lastKnownFileType = sourcecode.c.h; path = EulerAngles.h; sourceTree = "<group>"; };
		FC581B5E1EF22AF000895FAD /* Homogeneous.h */ = {isa = PBXFileReference; fileEncoding = 4; lastKnownFileType = sourcecode.c.h; path = Homogeneous.h; sourceTree = "<group>"; };
		FC581B5F1EF22AF000895FAD /* Hyperplane.h */ = {isa = PBXFileReference; fileEncoding = 4; lastKnownFileType = sourcecode.c.h; path = Hyperplane.h; sourceTree = "<group>"; };
		FC581B601EF22AF000895FAD /* OrthoMethods.h */ = {isa = PBXFileReference; fileEncoding = 4; lastKnownFileType = sourcecode.c.h; path = OrthoMethods.h; sourceTree = "<group>"; };
		FC581B611EF22AF000895FAD /* ParametrizedLine.h */ = {isa = PBXFileReference; fileEncoding = 4; lastKnownFileType = sourcecode.c.h; path = ParametrizedLine.h; sourceTree = "<group>"; };
		FC581B621EF22AF000895FAD /* Quaternion.h */ = {isa = PBXFileReference; fileEncoding = 4; lastKnownFileType = sourcecode.c.h; path = Quaternion.h; sourceTree = "<group>"; };
		FC581B631EF22AF000895FAD /* Rotation2D.h */ = {isa = PBXFileReference; fileEncoding = 4; lastKnownFileType = sourcecode.c.h; path = Rotation2D.h; sourceTree = "<group>"; };
		FC581B641EF22AF000895FAD /* RotationBase.h */ = {isa = PBXFileReference; fileEncoding = 4; lastKnownFileType = sourcecode.c.h; path = RotationBase.h; sourceTree = "<group>"; };
		FC581B651EF22AF000895FAD /* Scaling.h */ = {isa = PBXFileReference; fileEncoding = 4; lastKnownFileType = sourcecode.c.h; path = Scaling.h; sourceTree = "<group>"; };
		FC581B661EF22AF000895FAD /* Transform.h */ = {isa = PBXFileReference; fileEncoding = 4; lastKnownFileType = sourcecode.c.h; path = Transform.h; sourceTree = "<group>"; };
		FC581B671EF22AF000895FAD /* Translation.h */ = {isa = PBXFileReference; fileEncoding = 4; lastKnownFileType = sourcecode.c.h; path = Translation.h; sourceTree = "<group>"; };
		FC581B681EF22AF000895FAD /* Umeyama.h */ = {isa = PBXFileReference; fileEncoding = 4; lastKnownFileType = sourcecode.c.h; path = Umeyama.h; sourceTree = "<group>"; };
		FC581B6A1EF22AF000895FAD /* BlockHouseholder.h */ = {isa = PBXFileReference; fileEncoding = 4; lastKnownFileType = sourcecode.c.h; path = BlockHouseholder.h; sourceTree = "<group>"; };
		FC581B6B1EF22AF000895FAD /* Householder.h */ = {isa = PBXFileReference; fileEncoding = 4; lastKnownFileType = sourcecode.c.h; path = Householder.h; sourceTree = "<group>"; };
		FC581B6C1EF22AF000895FAD /* HouseholderSequence.h */ = {isa = PBXFileReference; fileEncoding = 4; lastKnownFileType = sourcecode.c.h; path = HouseholderSequence.h; sourceTree = "<group>"; };
		FC581B6E1EF22AF000895FAD /* BasicPreconditioners.h */ = {isa = PBXFileReference; fileEncoding = 4; lastKnownFileType = sourcecode.c.h; path = BasicPreconditioners.h; sourceTree = "<group>"; };
		FC581B6F1EF22AF000895FAD /* BiCGSTAB.h */ = {isa = PBXFileReference; fileEncoding = 4; lastKnownFileType = sourcecode.c.h; path = BiCGSTAB.h; sourceTree = "<group>"; };
		FC581B701EF22AF000895FAD /* ConjugateGradient.h */ = {isa = PBXFileReference; fileEncoding = 4; lastKnownFileType = sourcecode.c.h; path = ConjugateGradient.h; sourceTree = "<group>"; };
		FC581B711EF22AF000895FAD /* IncompleteCholesky.h */ = {isa = PBXFileReference; fileEncoding = 4; lastKnownFileType = sourcecode.c.h; path = IncompleteCholesky.h; sourceTree = "<group>"; };
		FC581B721EF22AF000895FAD /* IncompleteLUT.h */ = {isa = PBXFileReference; fileEncoding = 4; lastKnownFileType = sourcecode.c.h; path = IncompleteLUT.h; sourceTree = "<group>"; };
		FC581B731EF22AF000895FAD /* IterativeSolverBase.h */ = {isa = PBXFileReference; fileEncoding = 4; lastKnownFileType = sourcecode.c.h; path = IterativeSolverBase.h; sourceTree = "<group>"; };
		FC581B741EF22AF000895FAD /* LeastSquareConjugateGradient.h */ = {isa = PBXFileReference; fileEncoding = 4; lastKnownFileType = sourcecode.c.h; path = LeastSquareConjugateGradient.h; sourceTree = "<group>"; };
		FC581B751EF22AF000895FAD /* SolveWithGuess.h */ = {isa = PBXFileReference; fileEncoding = 4; lastKnownFileType = sourcecode.c.h; path = SolveWithGuess.h; sourceTree = "<group>"; };
		FC581B771EF22AF000895FAD /* Jacobi.h */ = {isa = PBXFileReference; fileEncoding = 4; lastKnownFileType = sourcecode.c.h; path = Jacobi.h; sourceTree = "<group>"; };
		FC581B7A1EF22AF000895FAD /* Inverse_SSE.h */ = {isa = PBXFileReference; fileEncoding = 4; lastKnownFileType = sourcecode.c.h; path = Inverse_SSE.h; sourceTree = "<group>"; };
		FC581B7B1EF22AF000895FAD /* Determinant.h */ = {isa = PBXFileReference; fileEncoding = 4; lastKnownFileType = sourcecode.c.h; path = Determinant.h; sourceTree = "<group>"; };
		FC581B7C1EF22AF000895FAD /* FullPivLU.h */ = {isa = PBXFileReference; fileEncoding = 4; lastKnownFileType = sourcecode.c.h; path = FullPivLU.h; sourceTree = "<group>"; };
		FC581B7D1EF22AF000895FAD /* InverseImpl.h */ = {isa = PBXFileReference; fileEncoding = 4; lastKnownFileType = sourcecode.c.h; path = InverseImpl.h; sourceTree = "<group>"; };
		FC581B7E1EF22AF000895FAD /* PartialPivLU.h */ = {isa = PBXFileReference; fileEncoding = 4; lastKnownFileType = sourcecode.c.h; path = PartialPivLU.h; sourceTree = "<group>"; };
		FC581B7F1EF22AF000895FAD /* PartialPivLU_LAPACKE.h */ = {isa = PBXFileReference; fileEncoding = 4; lastKnownFileType = sourcecode.c.h; path = PartialPivLU_LAPACKE.h; sourceTree = "<group>"; };
		FC581B811EF22AF000895FAD /* MetisSupport.h */ = {isa = PBXFileReference; fileEncoding = 4; lastKnownFileType = sourcecode.c.h; path = MetisSupport.h; sourceTree = "<group>"; };
		FC581B831EF22AF000895FAD /* blas.h */ = {isa = PBXFileReference; fileEncoding = 4; lastKnownFileType = sourcecode.c.h; path = blas.h; sourceTree = "<group>"; };
		FC581B841EF22AF000895FAD /* Image.h */ = {isa = PBXFileReference; fileEncoding = 4; lastKnownFileType = sourcecode.c.h; path = Image.h; sourceTree = "<group>"; };
		FC581B851EF22AF000895FAD /* Kernel.h */ = {isa = PBXFileReference; fileEncoding = 4; lastKnownFileType = sourcecode.c.h; path = Kernel.h; sourceTree = "<group>"; };
		FC581B861EF22AF000895FAD /* lapack.h */ = {isa = PBXFileReference; fileEncoding = 4; lastKnownFileType = sourcecode.c.h; path = lapack.h; sourceTree = "<group>"; };
		FC581B871EF22AF000895FAD /* lapacke.h */ = {isa = PBXFileReference; fileEncoding = 4; lastKnownFileType = sourcecode.c.h; path = lapacke.h; sourceTree = "<group>"; };
		FC581B881EF22AF000895FAD /* lapacke_mangling.h */ = {isa = PBXFileReference; fileEncoding = 4; lastKnownFileType = sourcecode.c.h; path = lapacke_mangling.h; sourceTree = "<group>"; };
		FC581B891EF22AF000895FAD /* RealSvd2x2.h */ = {isa = PBXFileReference; fileEncoding = 4; lastKnownFileType = sourcecode.c.h; path = RealSvd2x2.h; sourceTree = "<group>"; };
		FC581B8B1EF22AF000895FAD /* Amd.h */ = {isa = PBXFileReference; fileEncoding = 4; lastKnownFileType = sourcecode.c.h; path = Amd.h; sourceTree = "<group>"; };
		FC581B8C1EF22AF000895FAD /* Eigen_Colamd.h */ = {isa = PBXFileReference; fileEncoding = 4; lastKnownFileType = sourcecode.c.h; path = Eigen_Colamd.h; sourceTree = "<group>"; };
		FC581B8D1EF22AF000895FAD /* Ordering.h */ = {isa = PBXFileReference; fileEncoding = 4; lastKnownFileType = sourcecode.c.h; path = Ordering.h; sourceTree = "<group>"; };
		FC581B8F1EF22AF000895FAD /* PardisoSupport.h */ = {isa = PBXFileReference; fileEncoding = 4; lastKnownFileType = sourcecode.c.h; path = PardisoSupport.h; sourceTree = "<group>"; };
		FC581B911EF22AF000895FAD /* PaStiXSupport.h */ = {isa = PBXFileReference; fileEncoding = 4; lastKnownFileType = sourcecode.c.h; path = PaStiXSupport.h; sourceTree = "<group>"; };
		FC581B931EF22AF000895FAD /* ArrayCwiseBinaryOps.h */ = {isa = PBXFileReference; fileEncoding = 4; lastKnownFileType = sourcecode.c.h; path = ArrayCwiseBinaryOps.h; sourceTree = "<group>"; };
		FC581B941EF22AF000895FAD /* ArrayCwiseUnaryOps.h */ = {isa = PBXFileReference; fileEncoding = 4; lastKnownFileType = sourcecode.c.h; path = ArrayCwiseUnaryOps.h; sourceTree = "<group>"; };
		FC581B951EF22AF000895FAD /* BlockMethods.h */ = {isa = PBXFileReference; fileEncoding = 4; lastKnownFileType = sourcecode.c.h; path = BlockMethods.h; sourceTree = "<group>"; };
		FC581B961EF22AF000895FAD /* CommonCwiseBinaryOps.h */ = {isa = PBXFileReference; fileEncoding = 4; lastKnownFileType = sourcecode.c.h; path = CommonCwiseBinaryOps.h; sourceTree = "<group>"; };
		FC581B971EF22AF000895FAD /* CommonCwiseUnaryOps.h */ = {isa = PBXFileReference; fileEncoding = 4; lastKnownFileType = sourcecode.c.h; path = CommonCwiseUnaryOps.h; sourceTree = "<group>"; };
		FC581B981EF22AF000895FAD /* MatrixCwiseBinaryOps.h */ = {isa = PBXFileReference; fileEncoding = 4; lastKnownFileType = sourcecode.c.h; path = MatrixCwiseBinaryOps.h; sourceTree = "<group>"; };
		FC581B991EF22AF000895FAD /* MatrixCwiseUnaryOps.h */ = {isa = PBXFileReference; fileEncoding = 4; lastKnownFileType = sourcecode.c.h; path = MatrixCwiseUnaryOps.h; sourceTree = "<group>"; };
		FC581B9B1EF22AF000895FAD /* ColPivHouseholderQR.h */ = {isa = PBXFileReference; fileEncoding = 4; lastKnownFileType = sourcecode.c.h; path = ColPivHouseholderQR.h; sourceTree = "<group>"; };
		FC581B9C1EF22AF000895FAD /* ColPivHouseholderQR_LAPACKE.h */ = {isa = PBXFileReference; fileEncoding = 4; lastKnownFileType = sourcecode.c.h; path = ColPivHouseholderQR_LAPACKE.h; sourceTree = "<group>"; };
		FC581B9D1EF22AF000895FAD /* CompleteOrthogonalDecomposition.h */ = {isa = PBXFileReference; fileEncoding = 4; lastKnownFileType = sourcecode.c.h; path = CompleteOrthogonalDecomposition.h; sourceTree = "<group>"; };
		FC581B9E1EF22AF000895FAD /* FullPivHouseholderQR.h */ = {isa = PBXFileReference; fileEncoding = 4; lastKnownFileType = sourcecode.c.h; path = FullPivHouseholderQR.h; sourceTree = "<group>"; };
		FC581B9F1EF22AF000895FAD /* HouseholderQR.h */ = {isa = PBXFileReference; fileEncoding = 4; lastKnownFileType = sourcecode.c.h; path = HouseholderQR.h; sourceTree = "<group>"; };
		FC581BA01EF22AF000895FAD /* HouseholderQR_LAPACKE.h */ = {isa = PBXFileReference; fileEncoding = 4; lastKnownFileType = sourcecode.c.h; path = HouseholderQR_LAPACKE.h; sourceTree = "<group>"; };
		FC581BA21EF22AF000895FAD /* SimplicialCholesky.h */ = {isa = PBXFileReference; fileEncoding = 4; lastKnownFileType = sourcecode.c.h; path = SimplicialCholesky.h; sourceTree = "<group>"; };
		FC581BA31EF22AF000895FAD /* SimplicialCholesky_impl.h */ = {isa = PBXFileReference; fileEncoding = 4; lastKnownFileType = sourcecode.c.h; path = SimplicialCholesky_impl.h; sourceTree = "<group>"; };
		FC581BA51EF22AF000895FAD /* AmbiVector.h */ = {isa = PBXFileReference; fileEncoding = 4; lastKnownFileType = sourcecode.c.h; path = AmbiVector.h; sourceTree = "<group>"; };
		FC581BA61EF22AF000895FAD /* CompressedStorage.h */ = {isa = PBXFileReference; fileEncoding = 4; lastKnownFileType = sourcecode.c.h; path = CompressedStorage.h; sourceTree = "<group>"; };
		FC581BA71EF22AF000895FAD /* ConservativeSparseSparseProduct.h */ = {isa = PBXFileReference; fileEncoding = 4; lastKnownFileType = sourcecode.c.h; path = ConservativeSparseSparseProduct.h; sourceTree = "<group>"; };
		FC581BA81EF22AF000895FAD /* MappedSparseMatrix.h */ = {isa = PBXFileReference; fileEncoding = 4; lastKnownFileType = sourcecode.c.h; path = MappedSparseMatrix.h; sourceTree = "<group>"; };
		FC581BA91EF22AF000895FAD /* SparseAssign.h */ = {isa = PBXFileReference; fileEncoding = 4; lastKnownFileType = sourcecode.c.h; path = SparseAssign.h; sourceTree = "<group>"; };
		FC581BAA1EF22AF000895FAD /* SparseBlock.h */ = {isa = PBXFileReference; fileEncoding = 4; lastKnownFileType = sourcecode.c.h; path = SparseBlock.h; sourceTree = "<group>"; };
		FC581BAB1EF22AF000895FAD /* SparseColEtree.h */ = {isa = PBXFileReference; fileEncoding = 4; lastKnownFileType = sourcecode.c.h; path = SparseColEtree.h; sourceTree = "<group>"; };
		FC581BAC1EF22AF000895FAD /* SparseCompressedBase.h */ = {isa = PBXFileReference; fileEncoding = 4; lastKnownFileType = sourcecode.c.h; path = SparseCompressedBase.h; sourceTree = "<group>"; };
		FC581BAD1EF22AF000895FAD /* SparseCwiseBinaryOp.h */ = {isa = PBXFileReference; fileEncoding = 4; lastKnownFileType = sourcecode.c.h; path = SparseCwiseBinaryOp.h; sourceTree = "<group>"; };
		FC581BAE1EF22AF000895FAD /* SparseCwiseUnaryOp.h */ = {isa = PBXFileReference; fileEncoding = 4; lastKnownFileType = sourcecode.c.h; path = SparseCwiseUnaryOp.h; sourceTree = "<group>"; };
		FC581BAF1EF22AF000895FAD /* SparseDenseProduct.h */ = {isa = PBXFileReference; fileEncoding = 4; lastKnownFileType = sourcecode.c.h; path = SparseDenseProduct.h; sourceTree = "<group>"; };
		FC581BB01EF22AF000895FAD /* SparseDiagonalProduct.h */ = {isa = PBXFileReference; fileEncoding = 4; lastKnownFileType = sourcecode.c.h; path = SparseDiagonalProduct.h; sourceTree = "<group>"; };
		FC581BB11EF22AF000895FAD /* SparseDot.h */ = {isa = PBXFileReference; fileEncoding = 4; lastKnownFileType = sourcecode.c.h; path = SparseDot.h; sourceTree = "<group>"; };
		FC581BB21EF22AF000895FAD /* SparseFuzzy.h */ = {isa = PBXFileReference; fileEncoding = 4; lastKnownFileType = sourcecode.c.h; path = SparseFuzzy.h; sourceTree = "<group>"; };
		FC581BB31EF22AF000895FAD /* SparseMap.h */ = {isa = PBXFileReference; fileEncoding = 4; lastKnownFileType = sourcecode.c.h; path = SparseMap.h; sourceTree = "<group>"; };
		FC581BB41EF22AF000895FAD /* SparseMatrix.h */ = {isa = PBXFileReference; fileEncoding = 4; lastKnownFileType = sourcecode.c.h; path = SparseMatrix.h; sourceTree = "<group>"; };
		FC581BB51EF22AF000895FAD /* SparseMatrixBase.h */ = {isa = PBXFileReference; fileEncoding = 4; lastKnownFileType = sourcecode.c.h; path = SparseMatrixBase.h; sourceTree = "<group>"; };
		FC581BB61EF22AF000895FAD /* SparsePermutation.h */ = {isa = PBXFileReference; fileEncoding = 4; lastKnownFileType = sourcecode.c.h; path = SparsePermutation.h; sourceTree = "<group>"; };
		FC581BB71EF22AF000895FAD /* SparseProduct.h */ = {isa = PBXFileReference; fileEncoding = 4; lastKnownFileType = sourcecode.c.h; path = SparseProduct.h; sourceTree = "<group>"; };
		FC581BB81EF22AF000895FAD /* SparseRedux.h */ = {isa = PBXFileReference; fileEncoding = 4; lastKnownFileType = sourcecode.c.h; path = SparseRedux.h; sourceTree = "<group>"; };
		FC581BB91EF22AF000895FAD /* SparseRef.h */ = {isa = PBXFileReference; fileEncoding = 4; lastKnownFileType = sourcecode.c.h; path = SparseRef.h; sourceTree = "<group>"; };
		FC581BBA1EF22AF000895FAD /* SparseSelfAdjointView.h */ = {isa = PBXFileReference; fileEncoding = 4; lastKnownFileType = sourcecode.c.h; path = SparseSelfAdjointView.h; sourceTree = "<group>"; };
		FC581BBB1EF22AF000895FAD /* SparseSolverBase.h */ = {isa = PBXFileReference; fileEncoding = 4; lastKnownFileType = sourcecode.c.h; path = SparseSolverBase.h; sourceTree = "<group>"; };
		FC581BBC1EF22AF000895FAD /* SparseSparseProductWithPruning.h */ = {isa = PBXFileReference; fileEncoding = 4; lastKnownFileType = sourcecode.c.h; path = SparseSparseProductWithPruning.h; sourceTree = "<group>"; };
		FC581BBD1EF22AF000895FAD /* SparseTranspose.h */ = {isa = PBXFileReference; fileEncoding = 4; lastKnownFileType = sourcecode.c.h; path = SparseTranspose.h; sourceTree = "<group>"; };
		FC581BBE1EF22AF000895FAD /* SparseTriangularView.h */ = {isa = PBXFileReference; fileEncoding = 4; lastKnownFileType = sourcecode.c.h; path = SparseTriangularView.h; sourceTree = "<group>"; };
		FC581BBF1EF22AF000895FAD /* SparseUtil.h */ = {isa = PBXFileReference; fileEncoding = 4; lastKnownFileType = sourcecode.c.h; path = SparseUtil.h; sourceTree = "<group>"; };
		FC581BC01EF22AF000895FAD /* SparseVector.h */ = {isa = PBXFileReference; fileEncoding = 4; lastKnownFileType = sourcecode.c.h; path = SparseVector.h; sourceTree = "<group>"; };
		FC581BC11EF22AF000895FAD /* SparseView.h */ = {isa = PBXFileReference; fileEncoding = 4; lastKnownFileType = sourcecode.c.h; path = SparseView.h; sourceTree = "<group>"; };
		FC581BC21EF22AF000895FAD /* TriangularSolver.h */ = {isa = PBXFileReference; fileEncoding = 4; lastKnownFileType = sourcecode.c.h; path = TriangularSolver.h; sourceTree = "<group>"; };
		FC581BC41EF22AF000895FAD /* SparseLU.h */ = {isa = PBXFileReference; fileEncoding = 4; lastKnownFileType = sourcecode.c.h; path = SparseLU.h; sourceTree = "<group>"; };
		FC581BC51EF22AF000895FAD /* SparseLU_column_bmod.h */ = {isa = PBXFileReference; fileEncoding = 4; lastKnownFileType = sourcecode.c.h; path = SparseLU_column_bmod.h; sourceTree = "<group>"; };
		FC581BC61EF22AF000895FAD /* SparseLU_column_dfs.h */ = {isa = PBXFileReference; fileEncoding = 4; lastKnownFileType = sourcecode.c.h; path = SparseLU_column_dfs.h; sourceTree = "<group>"; };
		FC581BC71EF22AF000895FAD /* SparseLU_copy_to_ucol.h */ = {isa = PBXFileReference; fileEncoding = 4; lastKnownFileType = sourcecode.c.h; path = SparseLU_copy_to_ucol.h; sourceTree = "<group>"; };
		FC581BC81EF22AF000895FAD /* SparseLU_gemm_kernel.h */ = {isa = PBXFileReference; fileEncoding = 4; lastKnownFileType = sourcecode.c.h; path = SparseLU_gemm_kernel.h; sourceTree = "<group>"; };
		FC581BC91EF22AF000895FAD /* SparseLU_heap_relax_snode.h */ = {isa = PBXFileReference; fileEncoding = 4; lastKnownFileType = sourcecode.c.h; path = SparseLU_heap_relax_snode.h; sourceTree = "<group>"; };
		FC581BCA1EF22AF000895FAD /* SparseLU_kernel_bmod.h */ = {isa = PBXFileReference; fileEncoding = 4; lastKnownFileType = sourcecode.c.h; path = SparseLU_kernel_bmod.h; sourceTree = "<group>"; };
		FC581BCB1EF22AF000895FAD /* SparseLU_Memory.h */ = {isa = PBXFileReference; fileEncoding = 4; lastKnownFileType = sourcecode.c.h; path = SparseLU_Memory.h; sourceTree = "<group>"; };
		FC581BCC1EF22AF000895FAD /* SparseLU_panel_bmod.h */ = {isa = PBXFileReference; fileEncoding = 4; lastKnownFileType = sourcecode.c.h; path = SparseLU_panel_bmod.h; sourceTree = "<group>"; };
		FC581BCD1EF22AF000895FAD /* SparseLU_panel_dfs.h */ = {isa = PBXFileReference; fileEncoding = 4; lastKnownFileType = sourcecode.c.h; path = SparseLU_panel_dfs.h; sourceTree = "<group>"; };
		FC581BCE1EF22AF000895FAD /* SparseLU_pivotL.h */ = {isa = PBXFileReference; fileEncoding = 4; lastKnownFileType = sourcecode.c.h; path = SparseLU_pivotL.h; sourceTree = "<group>"; };
		FC581BCF1EF22AF000895FAD /* SparseLU_pruneL.h */ = {isa = PBXFileReference; fileEncoding = 4; lastKnownFileType = sourcecode.c.h; path = SparseLU_pruneL.h; sourceTree = "<group>"; };
		FC581BD01EF22AF000895FAD /* SparseLU_relax_snode.h */ = {isa = PBXFileReference; fileEncoding = 4; lastKnownFileType = sourcecode.c.h; path = SparseLU_relax_snode.h; sourceTree = "<group>"; };
		FC581BD11EF22AF000895FAD /* SparseLU_Structs.h */ = {isa = PBXFileReference; fileEncoding = 4; lastKnownFileType = sourcecode.c.h; path = SparseLU_Structs.h; sourceTree = "<group>"; };
		FC581BD21EF22AF000895FAD /* SparseLU_SupernodalMatrix.h */ = {isa = PBXFileReference; fileEncoding = 4; lastKnownFileType = sourcecode.c.h; path = SparseLU_SupernodalMatrix.h; sourceTree = "<group>"; };
		FC581BD31EF22AF000895FAD /* SparseLU_Utils.h */ = {isa = PBXFileReference; fileEncoding = 4; lastKnownFileType = sourcecode.c.h; path = SparseLU_Utils.h; sourceTree = "<group>"; };
		FC581BD41EF22AF000895FAD /* SparseLUImpl.h */ = {isa = PBXFileReference; fileEncoding = 4; lastKnownFileType = sourcecode.c.h; path = SparseLUImpl.h; sourceTree = "<group>"; };
		FC581BD61EF22AF000895FAD /* SparseQR.h */ = {isa = PBXFileReference; fileEncoding = 4; lastKnownFileType = sourcecode.c.h; path = SparseQR.h; sourceTree = "<group>"; };
		FC581BD81EF22AF000895FAD /* SuiteSparseQRSupport.h */ = {isa = PBXFileReference; fileEncoding = 4; lastKnownFileType = sourcecode.c.h; path = SuiteSparseQRSupport.h; sourceTree = "<group>"; };
		FC581BDA1EF22AF000895FAD /* details.h */ = {isa = PBXFileReference; fileEncoding = 4; lastKnownFileType = sourcecode.c.h; path = details.h; sourceTree = "<group>"; };
		FC581BDB1EF22AF000895FAD /* StdDeque.h */ = {isa = PBXFileReference; fileEncoding = 4; lastKnownFileType = sourcecode.c.h; path = StdDeque.h; sourceTree = "<group>"; };
		FC581BDC1EF22AF000895FAD /* StdList.h */ = {isa = PBXFileReference; fileEncoding = 4; lastKnownFileType = sourcecode.c.h; path = StdList.h; sourceTree = "<group>"; };
		FC581BDD1EF22AF000895FAD /* StdVector.h */ = {isa = PBXFileReference; fileEncoding = 4; lastKnownFileType = sourcecode.c.h; path = StdVector.h; sourceTree = "<group>"; };
		FC581BDF1EF22AF000895FAD /* SuperLUSupport.h */ = {isa = PBXFileReference; fileEncoding = 4; lastKnownFileType = sourcecode.c.h; path = SuperLUSupport.h; sourceTree = "<group>"; };
		FC581BE11EF22AF000895FAD /* BDCSVD.h */ = {isa = PBXFileReference; fileEncoding = 4; lastKnownFileType = sourcecode.c.h; path = BDCSVD.h; sourceTree = "<group>"; };
		FC581BE21EF22AF000895FAD /* JacobiSVD.h */ = {isa = PBXFileReference; fileEncoding = 4; lastKnownFileType = sourcecode.c.h; path = JacobiSVD.h; sourceTree = "<group>"; };
		FC581BE31EF22AF000895FAD /* JacobiSVD_LAPACKE.h */ = {isa = PBXFileReference; fileEncoding = 4; lastKnownFileType = sourcecode.c.h; path = JacobiSVD_LAPACKE.h; sourceTree = "<group>"; };
		FC581BE41EF22AF000895FAD /* SVDBase.h */ = {isa = PBXFileReference; fileEncoding = 4; lastKnownFileType = sourcecode.c.h; path = SVDBase.h; sourceTree = "<group>"; };
		FC581BE51EF22AF000895FAD /* UpperBidiagonalization.h */ = {isa = PBXFileReference; fileEncoding = 4; lastKnownFileType = sourcecode.c.h; path = UpperBidiagonalization.h; sourceTree = "<group>"; };
		FC581BE71EF22AF000895FAD /* UmfPackSupport.h */ = {isa = PBXFileReference; fileEncoding = 4; lastKnownFileType = sourcecode.c.h; path = UmfPackSupport.h; sourceTree = "<group>"; };
		FC581BE81EF22AF000895FAD /* StdDeque */ = {isa = PBXFileReference; fileEncoding = 4; lastKnownFileType = text; path = StdDeque; sourceTree = "<group>"; };
		FC581BE91EF22AF000895FAD /* StdList */ = {isa = PBXFileReference; fileEncoding = 4; lastKnownFileType = text; path = StdList; sourceTree = "<group>"; };
		FC581BEA1EF22AF000895FAD /* StdVector */ = {isa = PBXFileReference; fileEncoding = 4; lastKnownFileType = text; path = StdVector; sourceTree = "<group>"; };
		FC581BEB1EF22AF000895FAD /* SuperLUSupport */ = {isa = PBXFileReference; fileEncoding = 4; lastKnownFileType = text; path = SuperLUSupport; sourceTree = "<group>"; };
		FC581BEC1EF22AF000895FAD /* SVD */ = {isa = PBXFileReference; fileEncoding = 4; lastKnownFileType = text; path = SVD; sourceTree = "<group>"; };
		FC581BED1EF22AF000895FAD /* UmfPackSupport */ = {isa = PBXFileReference; fileEncoding = 4; lastKnownFileType = text; path = UmfPackSupport; sourceTree = "<group>"; };
/* End PBXFileReference section */

/* Begin PBXFrameworksBuildPhase section */
		FC5817B71EF228CA00895FAD /* Frameworks */ = {
			isa = PBXFrameworksBuildPhase;
			buildActionMask = 2147483647;
			files = (
			);
			runOnlyForDeploymentPostprocessing = 0;
		};
/* End PBXFrameworksBuildPhase section */

/* Begin PBXGroup section */
		FC5817B11EF228CA00895FAD = {
			isa = PBXGroup;
			children = (
				FC5817BC1EF228CA00895FAD /* A4PaperScan */,
				FC581A961EF22A4400895FAD /* include */,
				FC5817BB1EF228CA00895FAD /* Products */,
			);
			sourceTree = "<group>";
		};
		FC5817BB1EF228CA00895FAD /* Products */ = {
			isa = PBXGroup;
			children = (
				FC5817BA1EF228CA00895FAD /* A4PaperScan */,
			);
			name = Products;
			sourceTree = "<group>";
		};
		FC5817BC1EF228CA00895FAD /* A4PaperScan */ = {
			isa = PBXGroup;
			children = (
				FC58192D1EF22A3600895FAD /* canny.cpp */,
				FC58192E1EF22A3600895FAD /* canny.h */,
				FC581A861EF22A3700895FAD /* harris.cpp */,
				FC581A871EF22A3700895FAD /* harris.h */,
				FC581A881EF22A3700895FAD /* headers.h */,
				FC581A891EF22A3700895FAD /* Hough_transform.cpp */,
				FC581A8A1EF22A3700895FAD /* Hough_transform.h */,
				FC581A8B1EF22A3700895FAD /* test.cpp */,
				FC581A8C1EF22A3700895FAD /* util.cpp */,
				FC581A8D1EF22A3700895FAD /* util.h */,
				FC581A8E1EF22A3700895FAD /* Warping.cpp */,
				FC581A8F1EF22A3700895FAD /* Warping.h */,
			);
			path = A4PaperScan;
			sourceTree = "<group>";
		};
		FC581A961EF22A4400895FAD /* include */ = {
			isa = PBXGroup;
			children = (
				FC581A971EF22AF000895FAD /* CImg.h */,
				FC581A981EF22AF000895FAD /* Eigen */,
			);
			name = include;
			sourceTree = "<group>";
		};
		FC581A981EF22AF000895FAD /* Eigen */ = {
			isa = PBXGroup;
			children = (
				FC581A991EF22AF000895FAD /* Cholesky */,
				FC581A9A1EF22AF000895FAD /* CholmodSupport */,
				FC581A9B1EF22AF000895FAD /* CMakeLists.txt */,
				FC581A9C1EF22AF000895FAD /* Core */,
				FC581A9D1EF22AF000895FAD /* Dense */,
				FC581A9E1EF22AF000895FAD /* Eigen */,
				FC581A9F1EF22AF000895FAD /* Eigenvalues */,
				FC581AA01EF22AF000895FAD /* Geometry */,
				FC581AA11EF22AF000895FAD /* Householder */,
				FC581AA21EF22AF000895FAD /* IterativeLinearSolvers */,
				FC581AA31EF22AF000895FAD /* Jacobi */,
				FC581AA41EF22AF000895FAD /* LU */,
				FC581AA51EF22AF000895FAD /* MetisSupport */,
				FC581AA61EF22AF000895FAD /* OrderingMethods */,
				FC581AA71EF22AF000895FAD /* PardisoSupport */,
				FC581AA81EF22AF000895FAD /* PaStiXSupport */,
				FC581AA91EF22AF000895FAD /* QR */,
				FC581AAA1EF22AF000895FAD /* QtAlignedMalloc */,
				FC581AAB1EF22AF000895FAD /* Sparse */,
				FC581AAC1EF22AF000895FAD /* SparseCholesky */,
				FC581AAD1EF22AF000895FAD /* SparseCore */,
				FC581AAE1EF22AF000895FAD /* SparseLU */,
				FC581AAF1EF22AF000895FAD /* SparseQR */,
				FC581AB01EF22AF000895FAD /* SPQRSupport */,
				FC581AB11EF22AF000895FAD /* src */,
				FC581BE81EF22AF000895FAD /* StdDeque */,
				FC581BE91EF22AF000895FAD /* StdList */,
				FC581BEA1EF22AF000895FAD /* StdVector */,
				FC581BEB1EF22AF000895FAD /* SuperLUSupport */,
				FC581BEC1EF22AF000895FAD /* SVD */,
				FC581BED1EF22AF000895FAD /* UmfPackSupport */,
			);
			name = Eigen;
			path = include/Eigen;
			sourceTree = "<group>";
		};
		FC581AB11EF22AF000895FAD /* src */ = {
			isa = PBXGroup;
			children = (
				FC581AB21EF22AF000895FAD /* Cholesky */,
				FC581AB61EF22AF000895FAD /* CholmodSupport */,
				FC581AB81EF22AF000895FAD /* Core */,
				FC581B491EF22AF000895FAD /* Eigenvalues */,
				FC581B581EF22AF000895FAD /* Geometry */,
				FC581B691EF22AF000895FAD /* Householder */,
				FC581B6D1EF22AF000895FAD /* IterativeLinearSolvers */,
				FC581B761EF22AF000895FAD /* Jacobi */,
				FC581B781EF22AF000895FAD /* LU */,
				FC581B801EF22AF000895FAD /* MetisSupport */,
				FC581B821EF22AF000895FAD /* misc */,
				FC581B8A1EF22AF000895FAD /* OrderingMethods */,
				FC581B8E1EF22AF000895FAD /* PardisoSupport */,
				FC581B901EF22AF000895FAD /* PaStiXSupport */,
				FC581B921EF22AF000895FAD /* plugins */,
				FC581B9A1EF22AF000895FAD /* QR */,
				FC581BA11EF22AF000895FAD /* SparseCholesky */,
				FC581BA41EF22AF000895FAD /* SparseCore */,
				FC581BC31EF22AF000895FAD /* SparseLU */,
				FC581BD51EF22AF000895FAD /* SparseQR */,
				FC581BD71EF22AF000895FAD /* SPQRSupport */,
				FC581BD91EF22AF000895FAD /* StlSupport */,
				FC581BDE1EF22AF000895FAD /* SuperLUSupport */,
				FC581BE01EF22AF000895FAD /* SVD */,
				FC581BE61EF22AF000895FAD /* UmfPackSupport */,
			);
			path = src;
			sourceTree = "<group>";
		};
		FC581AB21EF22AF000895FAD /* Cholesky */ = {
			isa = PBXGroup;
			children = (
				FC581AB31EF22AF000895FAD /* LDLT.h */,
				FC581AB41EF22AF000895FAD /* LLT.h */,
				FC581AB51EF22AF000895FAD /* LLT_LAPACKE.h */,
			);
			path = Cholesky;
			sourceTree = "<group>";
		};
		FC581AB61EF22AF000895FAD /* CholmodSupport */ = {
			isa = PBXGroup;
			children = (
				FC581AB71EF22AF000895FAD /* CholmodSupport.h */,
			);
			path = CholmodSupport;
			sourceTree = "<group>";
		};
		FC581AB81EF22AF000895FAD /* Core */ = {
			isa = PBXGroup;
			children = (
				FC581AB91EF22AF000895FAD /* arch */,
				FC581ADC1EF22AF000895FAD /* Array.h */,
				FC581ADD1EF22AF000895FAD /* ArrayBase.h */,
				FC581ADE1EF22AF000895FAD /* ArrayWrapper.h */,
				FC581ADF1EF22AF000895FAD /* Assign.h */,
				FC581AE01EF22AF000895FAD /* Assign_MKL.h */,
				FC581AE11EF22AF000895FAD /* AssignEvaluator.h */,
				FC581AE21EF22AF000895FAD /* BandMatrix.h */,
				FC581AE31EF22AF000895FAD /* Block.h */,
				FC581AE41EF22AF000895FAD /* BooleanRedux.h */,
				FC581AE51EF22AF000895FAD /* CommaInitializer.h */,
				FC581AE61EF22AF000895FAD /* ConditionEstimator.h */,
				FC581AE71EF22AF000895FAD /* CoreEvaluators.h */,
				FC581AE81EF22AF000895FAD /* CoreIterators.h */,
				FC581AE91EF22AF000895FAD /* CwiseBinaryOp.h */,
				FC581AEA1EF22AF000895FAD /* CwiseNullaryOp.h */,
				FC581AEB1EF22AF000895FAD /* CwiseTernaryOp.h */,
				FC581AEC1EF22AF000895FAD /* CwiseUnaryOp.h */,
				FC581AED1EF22AF000895FAD /* CwiseUnaryView.h */,
				FC581AEE1EF22AF000895FAD /* DenseBase.h */,
				FC581AEF1EF22AF000895FAD /* DenseCoeffsBase.h */,
				FC581AF01EF22AF000895FAD /* DenseStorage.h */,
				FC581AF11EF22AF000895FAD /* Diagonal.h */,
				FC581AF21EF22AF000895FAD /* DiagonalMatrix.h */,
				FC581AF31EF22AF000895FAD /* DiagonalProduct.h */,
				FC581AF41EF22AF000895FAD /* Dot.h */,
				FC581AF51EF22AF000895FAD /* EigenBase.h */,
				FC581AF61EF22AF000895FAD /* ForceAlignedAccess.h */,
				FC581AF71EF22AF000895FAD /* functors */,
				FC581AFE1EF22AF000895FAD /* Fuzzy.h */,
				FC581AFF1EF22AF000895FAD /* GeneralProduct.h */,
				FC581B001EF22AF000895FAD /* GenericPacketMath.h */,
				FC581B011EF22AF000895FAD /* GlobalFunctions.h */,
				FC581B021EF22AF000895FAD /* Inverse.h */,
				FC581B031EF22AF000895FAD /* IO.h */,
				FC581B041EF22AF000895FAD /* Map.h */,
				FC581B051EF22AF000895FAD /* MapBase.h */,
				FC581B061EF22AF000895FAD /* MathFunctions.h */,
				FC581B071EF22AF000895FAD /* MathFunctionsImpl.h */,
				FC581B081EF22AF000895FAD /* Matrix.h */,
				FC581B091EF22AF000895FAD /* MatrixBase.h */,
				FC581B0A1EF22AF000895FAD /* NestByValue.h */,
				FC581B0B1EF22AF000895FAD /* NoAlias.h */,
				FC581B0C1EF22AF000895FAD /* NumTraits.h */,
				FC581B0D1EF22AF000895FAD /* PermutationMatrix.h */,
				FC581B0E1EF22AF000895FAD /* PlainObjectBase.h */,
				FC581B0F1EF22AF000895FAD /* Product.h */,
				FC581B101EF22AF000895FAD /* ProductEvaluators.h */,
				FC581B111EF22AF000895FAD /* products */,
				FC581B271EF22AF000895FAD /* Random.h */,
				FC581B281EF22AF000895FAD /* Redux.h */,
				FC581B291EF22AF000895FAD /* Ref.h */,
				FC581B2A1EF22AF000895FAD /* Replicate.h */,
				FC581B2B1EF22AF000895FAD /* ReturnByValue.h */,
				FC581B2C1EF22AF000895FAD /* Reverse.h */,
				FC581B2D1EF22AF000895FAD /* Select.h */,
				FC581B2E1EF22AF000895FAD /* SelfAdjointView.h */,
				FC581B2F1EF22AF000895FAD /* SelfCwiseBinaryOp.h */,
				FC581B301EF22AF000895FAD /* Solve.h */,
				FC581B311EF22AF000895FAD /* SolverBase.h */,
				FC581B321EF22AF000895FAD /* SolveTriangular.h */,
				FC581B331EF22AF000895FAD /* StableNorm.h */,
				FC581B341EF22AF000895FAD /* Stride.h */,
				FC581B351EF22AF000895FAD /* Swap.h */,
				FC581B361EF22AF000895FAD /* Transpose.h */,
				FC581B371EF22AF000895FAD /* Transpositions.h */,
				FC581B381EF22AF000895FAD /* TriangularMatrix.h */,
				FC581B391EF22AF000895FAD /* util */,
				FC581B461EF22AF000895FAD /* VectorBlock.h */,
				FC581B471EF22AF000895FAD /* VectorwiseOp.h */,
				FC581B481EF22AF000895FAD /* Visitor.h */,
			);
			path = Core;
			sourceTree = "<group>";
		};
		FC581AB91EF22AF000895FAD /* arch */ = {
			isa = PBXGroup;
			children = (
				FC581ABA1EF22AF000895FAD /* AltiVec */,
				FC581ABE1EF22AF000895FAD /* AVX */,
				FC581AC31EF22AF000895FAD /* AVX512 */,
				FC581AC61EF22AF000895FAD /* CUDA */,
				FC581ACD1EF22AF000895FAD /* Default */,
				FC581ACF1EF22AF000895FAD /* NEON */,
				FC581AD31EF22AF000895FAD /* SSE */,
				FC581AD81EF22AF000895FAD /* ZVector */,
			);
			path = arch;
			sourceTree = "<group>";
		};
		FC581ABA1EF22AF000895FAD /* AltiVec */ = {
			isa = PBXGroup;
			children = (
				FC581ABB1EF22AF000895FAD /* Complex.h */,
				FC581ABC1EF22AF000895FAD /* MathFunctions.h */,
				FC581ABD1EF22AF000895FAD /* PacketMath.h */,
			);
			path = AltiVec;
			sourceTree = "<group>";
		};
		FC581ABE1EF22AF000895FAD /* AVX */ = {
			isa = PBXGroup;
			children = (
				FC581ABF1EF22AF000895FAD /* Complex.h */,
				FC581AC01EF22AF000895FAD /* MathFunctions.h */,
				FC581AC11EF22AF000895FAD /* PacketMath.h */,
				FC581AC21EF22AF000895FAD /* TypeCasting.h */,
			);
			path = AVX;
			sourceTree = "<group>";
		};
		FC581AC31EF22AF000895FAD /* AVX512 */ = {
			isa = PBXGroup;
			children = (
				FC581AC41EF22AF000895FAD /* MathFunctions.h */,
				FC581AC51EF22AF000895FAD /* PacketMath.h */,
			);
			path = AVX512;
			sourceTree = "<group>";
		};
		FC581AC61EF22AF000895FAD /* CUDA */ = {
			isa = PBXGroup;
			children = (
				FC581AC71EF22AF000895FAD /* Complex.h */,
				FC581AC81EF22AF000895FAD /* Half.h */,
				FC581AC91EF22AF000895FAD /* MathFunctions.h */,
				FC581ACA1EF22AF000895FAD /* PacketMath.h */,
				FC581ACB1EF22AF000895FAD /* PacketMathHalf.h */,
				FC581ACC1EF22AF000895FAD /* TypeCasting.h */,
			);
			path = CUDA;
			sourceTree = "<group>";
		};
		FC581ACD1EF22AF000895FAD /* Default */ = {
			isa = PBXGroup;
			children = (
				FC581ACE1EF22AF000895FAD /* Settings.h */,
			);
			path = Default;
			sourceTree = "<group>";
		};
		FC581ACF1EF22AF000895FAD /* NEON */ = {
			isa = PBXGroup;
			children = (
				FC581AD01EF22AF000895FAD /* Complex.h */,
				FC581AD11EF22AF000895FAD /* MathFunctions.h */,
				FC581AD21EF22AF000895FAD /* PacketMath.h */,
			);
			path = NEON;
			sourceTree = "<group>";
		};
		FC581AD31EF22AF000895FAD /* SSE */ = {
			isa = PBXGroup;
			children = (
				FC581AD41EF22AF000895FAD /* Complex.h */,
				FC581AD51EF22AF000895FAD /* MathFunctions.h */,
				FC581AD61EF22AF000895FAD /* PacketMath.h */,
				FC581AD71EF22AF000895FAD /* TypeCasting.h */,
			);
			path = SSE;
			sourceTree = "<group>";
		};
		FC581AD81EF22AF000895FAD /* ZVector */ = {
			isa = PBXGroup;
			children = (
				FC581AD91EF22AF000895FAD /* Complex.h */,
				FC581ADA1EF22AF000895FAD /* MathFunctions.h */,
				FC581ADB1EF22AF000895FAD /* PacketMath.h */,
			);
			path = ZVector;
			sourceTree = "<group>";
		};
		FC581AF71EF22AF000895FAD /* functors */ = {
			isa = PBXGroup;
			children = (
				FC581AF81EF22AF000895FAD /* AssignmentFunctors.h */,
				FC581AF91EF22AF000895FAD /* BinaryFunctors.h */,
				FC581AFA1EF22AF000895FAD /* NullaryFunctors.h */,
				FC581AFB1EF22AF000895FAD /* StlFunctors.h */,
				FC581AFC1EF22AF000895FAD /* TernaryFunctors.h */,
				FC581AFD1EF22AF000895FAD /* UnaryFunctors.h */,
			);
			path = functors;
			sourceTree = "<group>";
		};
		FC581B111EF22AF000895FAD /* products */ = {
			isa = PBXGroup;
			children = (
				FC581B121EF22AF000895FAD /* GeneralBlockPanelKernel.h */,
				FC581B131EF22AF000895FAD /* GeneralMatrixMatrix.h */,
				FC581B141EF22AF000895FAD /* GeneralMatrixMatrix_BLAS.h */,
				FC581B151EF22AF000895FAD /* GeneralMatrixMatrixTriangular.h */,
				FC581B161EF22AF000895FAD /* GeneralMatrixMatrixTriangular_BLAS.h */,
				FC581B171EF22AF000895FAD /* GeneralMatrixVector.h */,
				FC581B181EF22AF000895FAD /* GeneralMatrixVector_BLAS.h */,
				FC581B191EF22AF000895FAD /* Parallelizer.h */,
				FC581B1A1EF22AF000895FAD /* SelfadjointMatrixMatrix.h */,
				FC581B1B1EF22AF000895FAD /* SelfadjointMatrixMatrix_BLAS.h */,
				FC581B1C1EF22AF000895FAD /* SelfadjointMatrixVector.h */,
				FC581B1D1EF22AF000895FAD /* SelfadjointMatrixVector_BLAS.h */,
				FC581B1E1EF22AF000895FAD /* SelfadjointProduct.h */,
				FC581B1F1EF22AF000895FAD /* SelfadjointRank2Update.h */,
				FC581B201EF22AF000895FAD /* TriangularMatrixMatrix.h */,
				FC581B211EF22AF000895FAD /* TriangularMatrixMatrix_BLAS.h */,
				FC581B221EF22AF000895FAD /* TriangularMatrixVector.h */,
				FC581B231EF22AF000895FAD /* TriangularMatrixVector_BLAS.h */,
				FC581B241EF22AF000895FAD /* TriangularSolverMatrix.h */,
				FC581B251EF22AF000895FAD /* TriangularSolverMatrix_BLAS.h */,
				FC581B261EF22AF000895FAD /* TriangularSolverVector.h */,
			);
			path = products;
			sourceTree = "<group>";
		};
		FC581B391EF22AF000895FAD /* util */ = {
			isa = PBXGroup;
			children = (
				FC581B3A1EF22AF000895FAD /* BlasUtil.h */,
				FC581B3B1EF22AF000895FAD /* Constants.h */,
				FC581B3C1EF22AF000895FAD /* DisableStupidWarnings.h */,
				FC581B3D1EF22AF000895FAD /* ForwardDeclarations.h */,
				FC581B3E1EF22AF000895FAD /* Macros.h */,
				FC581B3F1EF22AF000895FAD /* Memory.h */,
				FC581B401EF22AF000895FAD /* Meta.h */,
				FC581B411EF22AF000895FAD /* MKL_support.h */,
				FC581B421EF22AF000895FAD /* NonMPL2.h */,
				FC581B431EF22AF000895FAD /* ReenableStupidWarnings.h */,
				FC581B441EF22AF000895FAD /* StaticAssert.h */,
				FC581B451EF22AF000895FAD /* XprHelper.h */,
			);
			path = util;
			sourceTree = "<group>";
		};
		FC581B491EF22AF000895FAD /* Eigenvalues */ = {
			isa = PBXGroup;
			children = (
				FC581B4A1EF22AF000895FAD /* ComplexEigenSolver.h */,
				FC581B4B1EF22AF000895FAD /* ComplexSchur.h */,
				FC581B4C1EF22AF000895FAD /* ComplexSchur_LAPACKE.h */,
				FC581B4D1EF22AF000895FAD /* EigenSolver.h */,
				FC581B4E1EF22AF000895FAD /* GeneralizedEigenSolver.h */,
				FC581B4F1EF22AF000895FAD /* GeneralizedSelfAdjointEigenSolver.h */,
				FC581B501EF22AF000895FAD /* HessenbergDecomposition.h */,
				FC581B511EF22AF000895FAD /* MatrixBaseEigenvalues.h */,
				FC581B521EF22AF000895FAD /* RealQZ.h */,
				FC581B531EF22AF000895FAD /* RealSchur.h */,
				FC581B541EF22AF000895FAD /* RealSchur_LAPACKE.h */,
				FC581B551EF22AF000895FAD /* SelfAdjointEigenSolver.h */,
				FC581B561EF22AF000895FAD /* SelfAdjointEigenSolver_LAPACKE.h */,
				FC581B571EF22AF000895FAD /* Tridiagonalization.h */,
			);
			path = Eigenvalues;
			sourceTree = "<group>";
		};
		FC581B581EF22AF000895FAD /* Geometry */ = {
			isa = PBXGroup;
			children = (
				FC581B591EF22AF000895FAD /* AlignedBox.h */,
				FC581B5A1EF22AF000895FAD /* AngleAxis.h */,
				FC581B5B1EF22AF000895FAD /* arch */,
				FC581B5D1EF22AF000895FAD /* EulerAngles.h */,
				FC581B5E1EF22AF000895FAD /* Homogeneous.h */,
				FC581B5F1EF22AF000895FAD /* Hyperplane.h */,
				FC581B601EF22AF000895FAD /* OrthoMethods.h */,
				FC581B611EF22AF000895FAD /* ParametrizedLine.h */,
				FC581B621EF22AF000895FAD /* Quaternion.h */,
				FC581B631EF22AF000895FAD /* Rotation2D.h */,
				FC581B641EF22AF000895FAD /* RotationBase.h */,
				FC581B651EF22AF000895FAD /* Scaling.h */,
				FC581B661EF22AF000895FAD /* Transform.h */,
				FC581B671EF22AF000895FAD /* Translation.h */,
				FC581B681EF22AF000895FAD /* Umeyama.h */,
			);
			path = Geometry;
			sourceTree = "<group>";
		};
		FC581B5B1EF22AF000895FAD /* arch */ = {
			isa = PBXGroup;
			children = (
				FC581B5C1EF22AF000895FAD /* Geometry_SSE.h */,
			);
			path = arch;
			sourceTree = "<group>";
		};
		FC581B691EF22AF000895FAD /* Householder */ = {
			isa = PBXGroup;
			children = (
				FC581B6A1EF22AF000895FAD /* BlockHouseholder.h */,
				FC581B6B1EF22AF000895FAD /* Householder.h */,
				FC581B6C1EF22AF000895FAD /* HouseholderSequence.h */,
			);
			path = Householder;
			sourceTree = "<group>";
		};
		FC581B6D1EF22AF000895FAD /* IterativeLinearSolvers */ = {
			isa = PBXGroup;
			children = (
				FC581B6E1EF22AF000895FAD /* BasicPreconditioners.h */,
				FC581B6F1EF22AF000895FAD /* BiCGSTAB.h */,
				FC581B701EF22AF000895FAD /* ConjugateGradient.h */,
				FC581B711EF22AF000895FAD /* IncompleteCholesky.h */,
				FC581B721EF22AF000895FAD /* IncompleteLUT.h */,
				FC581B731EF22AF000895FAD /* IterativeSolverBase.h */,
				FC581B741EF22AF000895FAD /* LeastSquareConjugateGradient.h */,
				FC581B751EF22AF000895FAD /* SolveWithGuess.h */,
			);
			path = IterativeLinearSolvers;
			sourceTree = "<group>";
		};
		FC581B761EF22AF000895FAD /* Jacobi */ = {
			isa = PBXGroup;
			children = (
				FC581B771EF22AF000895FAD /* Jacobi.h */,
			);
			path = Jacobi;
			sourceTree = "<group>";
		};
		FC581B781EF22AF000895FAD /* LU */ = {
			isa = PBXGroup;
			children = (
				FC581B791EF22AF000895FAD /* arch */,
				FC581B7B1EF22AF000895FAD /* Determinant.h */,
				FC581B7C1EF22AF000895FAD /* FullPivLU.h */,
				FC581B7D1EF22AF000895FAD /* InverseImpl.h */,
				FC581B7E1EF22AF000895FAD /* PartialPivLU.h */,
				FC581B7F1EF22AF000895FAD /* PartialPivLU_LAPACKE.h */,
			);
			path = LU;
			sourceTree = "<group>";
		};
		FC581B791EF22AF000895FAD /* arch */ = {
			isa = PBXGroup;
			children = (
				FC581B7A1EF22AF000895FAD /* Inverse_SSE.h */,
			);
			path = arch;
			sourceTree = "<group>";
		};
		FC581B801EF22AF000895FAD /* MetisSupport */ = {
			isa = PBXGroup;
			children = (
				FC581B811EF22AF000895FAD /* MetisSupport.h */,
			);
			path = MetisSupport;
			sourceTree = "<group>";
		};
		FC581B821EF22AF000895FAD /* misc */ = {
			isa = PBXGroup;
			children = (
				FC581B831EF22AF000895FAD /* blas.h */,
				FC581B841EF22AF000895FAD /* Image.h */,
				FC581B851EF22AF000895FAD /* Kernel.h */,
				FC581B861EF22AF000895FAD /* lapack.h */,
				FC581B871EF22AF000895FAD /* lapacke.h */,
				FC581B881EF22AF000895FAD /* lapacke_mangling.h */,
				FC581B891EF22AF000895FAD /* RealSvd2x2.h */,
			);
			path = misc;
			sourceTree = "<group>";
		};
		FC581B8A1EF22AF000895FAD /* OrderingMethods */ = {
			isa = PBXGroup;
			children = (
				FC581B8B1EF22AF000895FAD /* Amd.h */,
				FC581B8C1EF22AF000895FAD /* Eigen_Colamd.h */,
				FC581B8D1EF22AF000895FAD /* Ordering.h */,
			);
			path = OrderingMethods;
			sourceTree = "<group>";
		};
		FC581B8E1EF22AF000895FAD /* PardisoSupport */ = {
			isa = PBXGroup;
			children = (
				FC581B8F1EF22AF000895FAD /* PardisoSupport.h */,
			);
			path = PardisoSupport;
			sourceTree = "<group>";
		};
		FC581B901EF22AF000895FAD /* PaStiXSupport */ = {
			isa = PBXGroup;
			children = (
				FC581B911EF22AF000895FAD /* PaStiXSupport.h */,
			);
			path = PaStiXSupport;
			sourceTree = "<group>";
		};
		FC581B921EF22AF000895FAD /* plugins */ = {
			isa = PBXGroup;
			children = (
				FC581B931EF22AF000895FAD /* ArrayCwiseBinaryOps.h */,
				FC581B941EF22AF000895FAD /* ArrayCwiseUnaryOps.h */,
				FC581B951EF22AF000895FAD /* BlockMethods.h */,
				FC581B961EF22AF000895FAD /* CommonCwiseBinaryOps.h */,
				FC581B971EF22AF000895FAD /* CommonCwiseUnaryOps.h */,
				FC581B981EF22AF000895FAD /* MatrixCwiseBinaryOps.h */,
				FC581B991EF22AF000895FAD /* MatrixCwiseUnaryOps.h */,
			);
			path = plugins;
			sourceTree = "<group>";
		};
		FC581B9A1EF22AF000895FAD /* QR */ = {
			isa = PBXGroup;
			children = (
				FC581B9B1EF22AF000895FAD /* ColPivHouseholderQR.h */,
				FC581B9C1EF22AF000895FAD /* ColPivHouseholderQR_LAPACKE.h */,
				FC581B9D1EF22AF000895FAD /* CompleteOrthogonalDecomposition.h */,
				FC581B9E1EF22AF000895FAD /* FullPivHouseholderQR.h */,
				FC581B9F1EF22AF000895FAD /* HouseholderQR.h */,
				FC581BA01EF22AF000895FAD /* HouseholderQR_LAPACKE.h */,
			);
			path = QR;
			sourceTree = "<group>";
		};
		FC581BA11EF22AF000895FAD /* SparseCholesky */ = {
			isa = PBXGroup;
			children = (
				FC581BA21EF22AF000895FAD /* SimplicialCholesky.h */,
				FC581BA31EF22AF000895FAD /* SimplicialCholesky_impl.h */,
			);
			path = SparseCholesky;
			sourceTree = "<group>";
		};
		FC581BA41EF22AF000895FAD /* SparseCore */ = {
			isa = PBXGroup;
			children = (
				FC581BA51EF22AF000895FAD /* AmbiVector.h */,
				FC581BA61EF22AF000895FAD /* CompressedStorage.h */,
				FC581BA71EF22AF000895FAD /* ConservativeSparseSparseProduct.h */,
				FC581BA81EF22AF000895FAD /* MappedSparseMatrix.h */,
				FC581BA91EF22AF000895FAD /* SparseAssign.h */,
				FC581BAA1EF22AF000895FAD /* SparseBlock.h */,
				FC581BAB1EF22AF000895FAD /* SparseColEtree.h */,
				FC581BAC1EF22AF000895FAD /* SparseCompressedBase.h */,
				FC581BAD1EF22AF000895FAD /* SparseCwiseBinaryOp.h */,
				FC581BAE1EF22AF000895FAD /* SparseCwiseUnaryOp.h */,
				FC581BAF1EF22AF000895FAD /* SparseDenseProduct.h */,
				FC581BB01EF22AF000895FAD /* SparseDiagonalProduct.h */,
				FC581BB11EF22AF000895FAD /* SparseDot.h */,
				FC581BB21EF22AF000895FAD /* SparseFuzzy.h */,
				FC581BB31EF22AF000895FAD /* SparseMap.h */,
				FC581BB41EF22AF000895FAD /* SparseMatrix.h */,
				FC581BB51EF22AF000895FAD /* SparseMatrixBase.h */,
				FC581BB61EF22AF000895FAD /* SparsePermutation.h */,
				FC581BB71EF22AF000895FAD /* SparseProduct.h */,
				FC581BB81EF22AF000895FAD /* SparseRedux.h */,
				FC581BB91EF22AF000895FAD /* SparseRef.h */,
				FC581BBA1EF22AF000895FAD /* SparseSelfAdjointView.h */,
				FC581BBB1EF22AF000895FAD /* SparseSolverBase.h */,
				FC581BBC1EF22AF000895FAD /* SparseSparseProductWithPruning.h */,
				FC581BBD1EF22AF000895FAD /* SparseTranspose.h */,
				FC581BBE1EF22AF000895FAD /* SparseTriangularView.h */,
				FC581BBF1EF22AF000895FAD /* SparseUtil.h */,
				FC581BC01EF22AF000895FAD /* SparseVector.h */,
				FC581BC11EF22AF000895FAD /* SparseView.h */,
				FC581BC21EF22AF000895FAD /* TriangularSolver.h */,
			);
			path = SparseCore;
			sourceTree = "<group>";
		};
		FC581BC31EF22AF000895FAD /* SparseLU */ = {
			isa = PBXGroup;
			children = (
				FC581BC41EF22AF000895FAD /* SparseLU.h */,
				FC581BC51EF22AF000895FAD /* SparseLU_column_bmod.h */,
				FC581BC61EF22AF000895FAD /* SparseLU_column_dfs.h */,
				FC581BC71EF22AF000895FAD /* SparseLU_copy_to_ucol.h */,
				FC581BC81EF22AF000895FAD /* SparseLU_gemm_kernel.h */,
				FC581BC91EF22AF000895FAD /* SparseLU_heap_relax_snode.h */,
				FC581BCA1EF22AF000895FAD /* SparseLU_kernel_bmod.h */,
				FC581BCB1EF22AF000895FAD /* SparseLU_Memory.h */,
				FC581BCC1EF22AF000895FAD /* SparseLU_panel_bmod.h */,
				FC581BCD1EF22AF000895FAD /* SparseLU_panel_dfs.h */,
				FC581BCE1EF22AF000895FAD /* SparseLU_pivotL.h */,
				FC581BCF1EF22AF000895FAD /* SparseLU_pruneL.h */,
				FC581BD01EF22AF000895FAD /* SparseLU_relax_snode.h */,
				FC581BD11EF22AF000895FAD /* SparseLU_Structs.h */,
				FC581BD21EF22AF000895FAD /* SparseLU_SupernodalMatrix.h */,
				FC581BD31EF22AF000895FAD /* SparseLU_Utils.h */,
				FC581BD41EF22AF000895FAD /* SparseLUImpl.h */,
			);
			path = SparseLU;
			sourceTree = "<group>";
		};
		FC581BD51EF22AF000895FAD /* SparseQR */ = {
			isa = PBXGroup;
			children = (
				FC581BD61EF22AF000895FAD /* SparseQR.h */,
			);
			path = SparseQR;
			sourceTree = "<group>";
		};
		FC581BD71EF22AF000895FAD /* SPQRSupport */ = {
			isa = PBXGroup;
			children = (
				FC581BD81EF22AF000895FAD /* SuiteSparseQRSupport.h */,
			);
			path = SPQRSupport;
			sourceTree = "<group>";
		};
		FC581BD91EF22AF000895FAD /* StlSupport */ = {
			isa = PBXGroup;
			children = (
				FC581BDA1EF22AF000895FAD /* details.h */,
				FC581BDB1EF22AF000895FAD /* StdDeque.h */,
				FC581BDC1EF22AF000895FAD /* StdList.h */,
				FC581BDD1EF22AF000895FAD /* StdVector.h */,
			);
			path = StlSupport;
			sourceTree = "<group>";
		};
		FC581BDE1EF22AF000895FAD /* SuperLUSupport */ = {
			isa = PBXGroup;
			children = (
				FC581BDF1EF22AF000895FAD /* SuperLUSupport.h */,
			);
			path = SuperLUSupport;
			sourceTree = "<group>";
		};
		FC581BE01EF22AF000895FAD /* SVD */ = {
			isa = PBXGroup;
			children = (
				FC581BE11EF22AF000895FAD /* BDCSVD.h */,
				FC581BE21EF22AF000895FAD /* JacobiSVD.h */,
				FC581BE31EF22AF000895FAD /* JacobiSVD_LAPACKE.h */,
				FC581BE41EF22AF000895FAD /* SVDBase.h */,
				FC581BE51EF22AF000895FAD /* UpperBidiagonalization.h */,
			);
			path = SVD;
			sourceTree = "<group>";
		};
		FC581BE61EF22AF000895FAD /* UmfPackSupport */ = {
			isa = PBXGroup;
			children = (
				FC581BE71EF22AF000895FAD /* UmfPackSupport.h */,
			);
			path = UmfPackSupport;
			sourceTree = "<group>";
		};
/* End PBXGroup section */

/* Begin PBXNativeTarget section */
		FC5817B91EF228CA00895FAD /* A4PaperScan */ = {
			isa = PBXNativeTarget;
			buildConfigurationList = FC5817C11EF228CA00895FAD /* Build configuration list for PBXNativeTarget "A4PaperScan" */;
			buildPhases = (
				FC5817B61EF228CA00895FAD /* Sources */,
				FC5817B71EF228CA00895FAD /* Frameworks */,
				FC5817B81EF228CA00895FAD /* CopyFiles */,
			);
			buildRules = (
			);
			dependencies = (
			);
			name = A4PaperScan;
			productName = A4PaperScan;
			productReference = FC5817BA1EF228CA00895FAD /* A4PaperScan */;
			productType = "com.apple.product-type.tool";
		};
/* End PBXNativeTarget section */

/* Begin PBXProject section */
		FC5817B21EF228CA00895FAD /* Project object */ = {
			isa = PBXProject;
			attributes = {
				LastUpgradeCheck = 0820;
				ORGANIZATIONNAME = TSK;
				TargetAttributes = {
					FC5817B91EF228CA00895FAD = {
						CreatedOnToolsVersion = 8.2.1;
						ProvisioningStyle = Automatic;
					};
				};
			};
			buildConfigurationList = FC5817B51EF228CA00895FAD /* Build configuration list for PBXProject "A4PaperScan" */;
			compatibilityVersion = "Xcode 3.2";
			developmentRegion = English;
			hasScannedForEncodings = 0;
			knownRegions = (
				en,
			);
			mainGroup = FC5817B11EF228CA00895FAD;
			productRefGroup = FC5817BB1EF228CA00895FAD /* Products */;
			projectDirPath = "";
			projectRoot = "";
			targets = (
				FC5817B91EF228CA00895FAD /* A4PaperScan */,
			);
		};
/* End PBXProject section */

/* Begin PBXSourcesBuildPhase section */
		FC5817B61EF228CA00895FAD /* Sources */ = {
			isa = PBXSourcesBuildPhase;
			buildActionMask = 2147483647;
			files = (
				FC581A911EF22A3700895FAD /* harris.cpp in Sources */,
				FC581A931EF22A3700895FAD /* test.cpp in Sources */,
				FC581A951EF22A3700895FAD /* Warping.cpp in Sources */,
				FC581A921EF22A3700895FAD /* Hough_transform.cpp in Sources */,
				FC581A941EF22A3700895FAD /* util.cpp in Sources */,
				FC581A901EF22A3700895FAD /* canny.cpp in Sources */,
			);
			runOnlyForDeploymentPostprocessing = 0;
		};
/* End PBXSourcesBuildPhase section */

/* Begin XCBuildConfiguration section */
		FC5817BF1EF228CA00895FAD /* Debug */ = {
			isa = XCBuildConfiguration;
			buildSettings = {
				ALWAYS_SEARCH_USER_PATHS = NO;
				CLANG_ANALYZER_NONNULL = YES;
				CLANG_CXX_LANGUAGE_STANDARD = "gnu++0x";
				CLANG_CXX_LIBRARY = "libc++";
				CLANG_ENABLE_MODULES = YES;
				CLANG_ENABLE_OBJC_ARC = YES;
				CLANG_WARN_BOOL_CONVERSION = YES;
				CLANG_WARN_CONSTANT_CONVERSION = YES;
				CLANG_WARN_DIRECT_OBJC_ISA_USAGE = YES_ERROR;
				CLANG_WARN_DOCUMENTATION_COMMENTS = YES;
				CLANG_WARN_EMPTY_BODY = YES;
				CLANG_WARN_ENUM_CONVERSION = YES;
				CLANG_WARN_INFINITE_RECURSION = YES;
				CLANG_WARN_INT_CONVERSION = YES;
				CLANG_WARN_OBJC_ROOT_CLASS = YES_ERROR;
				CLANG_WARN_SUSPICIOUS_MOVE = YES;
				CLANG_WARN_UNREACHABLE_CODE = YES;
				CLANG_WARN__DUPLICATE_METHOD_MATCH = YES;
				CODE_SIGN_IDENTITY = "-";
				COPY_PHASE_STRIP = NO;
				DEBUG_INFORMATION_FORMAT = dwarf;
				ENABLE_STRICT_OBJC_MSGSEND = YES;
				ENABLE_TESTABILITY = YES;
				GCC_C_LANGUAGE_STANDARD = gnu99;
				GCC_DYNAMIC_NO_PIC = NO;
				GCC_NO_COMMON_BLOCKS = YES;
				GCC_OPTIMIZATION_LEVEL = 0;
				GCC_PREPROCESSOR_DEFINITIONS = (
					"DEBUG=1",
					"$(inherited)",
				);
				GCC_WARN_64_TO_32_BIT_CONVERSION = YES;
				GCC_WARN_ABOUT_RETURN_TYPE = YES_ERROR;
				GCC_WARN_UNDECLARED_SELECTOR = YES;
				GCC_WARN_UNINITIALIZED_AUTOS = YES_AGGRESSIVE;
				GCC_WARN_UNUSED_FUNCTION = YES;
				GCC_WARN_UNUSED_VARIABLE = YES;
				MACOSX_DEPLOYMENT_TARGET = 10.11;
				MTL_ENABLE_DEBUG_INFO = YES;
				ONLY_ACTIVE_ARCH = YES;
				SDKROOT = macosx;
			};
			name = Debug;
		};
		FC5817C01EF228CA00895FAD /* Release */ = {
			isa = XCBuildConfiguration;
			buildSettings = {
				ALWAYS_SEARCH_USER_PATHS = NO;
				CLANG_ANALYZER_NONNULL = YES;
				CLANG_CXX_LANGUAGE_STANDARD = "gnu++0x";
				CLANG_CXX_LIBRARY = "libc++";
				CLANG_ENABLE_MODULES = YES;
				CLANG_ENABLE_OBJC_ARC = YES;
				CLANG_WARN_BOOL_CONVERSION = YES;
				CLANG_WARN_CONSTANT_CONVERSION = YES;
				CLANG_WARN_DIRECT_OBJC_ISA_USAGE = YES_ERROR;
				CLANG_WARN_DOCUMENTATION_COMMENTS = YES;
				CLANG_WARN_EMPTY_BODY = YES;
				CLANG_WARN_ENUM_CONVERSION = YES;
				CLANG_WARN_INFINITE_RECURSION = YES;
				CLANG_WARN_INT_CONVERSION = YES;
				CLANG_WARN_OBJC_ROOT_CLASS = YES_ERROR;
				CLANG_WARN_SUSPICIOUS_MOVE = YES;
				CLANG_WARN_UNREACHABLE_CODE = YES;
				CLANG_WARN__DUPLICATE_METHOD_MATCH = YES;
				CODE_SIGN_IDENTITY = "-";
				COPY_PHASE_STRIP = NO;
				DEBUG_INFORMATION_FORMAT = "dwarf-with-dsym";
				ENABLE_NS_ASSERTIONS = NO;
				ENABLE_STRICT_OBJC_MSGSEND = YES;
				GCC_C_LANGUAGE_STANDARD = gnu99;
				GCC_NO_COMMON_BLOCKS = YES;
				GCC_WARN_64_TO_32_BIT_CONVERSION = YES;
				GCC_WARN_ABOUT_RETURN_TYPE = YES_ERROR;
				GCC_WARN_UNDECLARED_SELECTOR = YES;
				GCC_WARN_UNINITIALIZED_AUTOS = YES_AGGRESSIVE;
				GCC_WARN_UNUSED_FUNCTION = YES;
				GCC_WARN_UNUSED_VARIABLE = YES;
				MACOSX_DEPLOYMENT_TARGET = 10.11;
				MTL_ENABLE_DEBUG_INFO = NO;
				SDKROOT = macosx;
			};
			name = Release;
		};
		FC5817C21EF228CA00895FAD /* Debug */ = {
			isa = XCBuildConfiguration;
			buildSettings = {
				HEADER_SEARCH_PATHS = (
					/usr/X11R6/include/,
					/usr/local/Cellar/jpeg/8d/include,
					./include,
				);
				LIBRARY_SEARCH_PATHS = (
					/usr/X11R6/lib,
					/usr/local/Cellar/jpeg/8d/lib,
				);
				OTHER_LDFLAGS = (
					"-lpthread",
					"-lX11",
					"-ljpeg",
				);
				PRODUCT_NAME = "$(TARGET_NAME)";
			};
			name = Debug;
		};
		FC5817C31EF228CA00895FAD /* Release */ = {
			isa = XCBuildConfiguration;
			buildSettings = {
				HEADER_SEARCH_PATHS = (
					/usr/X11R6/include/,
					/usr/local/Cellar/jpeg/8d/include,
					./include,
				);
				LIBRARY_SEARCH_PATHS = (
					/usr/X11R6/lib,
					/usr/local/Cellar/jpeg/8d/lib,
				);
				OTHER_LDFLAGS = (
					"-lpthread",
					"-lX11",
					"-ljpeg",
				);
				PRODUCT_NAME = "$(TARGET_NAME)";
			};
			name = Release;
		};
/* End XCBuildConfiguration section */

/* Begin XCConfigurationList section */
		FC5817B51EF228CA00895FAD /* Build configuration list for PBXProject "A4PaperScan" */ = {
			isa = XCConfigurationList;
			buildConfigurations = (
				FC5817BF1EF228CA00895FAD /* Debug */,
				FC5817C01EF228CA00895FAD /* Release */,
			);
			defaultConfigurationIsVisible = 0;
			defaultConfigurationName = Release;
		};
		FC5817C11EF228CA00895FAD /* Build configuration list for PBXNativeTarget "A4PaperScan" */ = {
			isa = XCConfigurationList;
			buildConfigurations = (
				FC5817C21EF228CA00895FAD /* Debug */,
				FC5817C31EF228CA00895FAD /* Release */,
			);
			defaultConfigurationIsVisible = 0;
		};
/* End XCConfigurationList section */
	};
	rootObject = FC5817B21EF228CA00895FAD /* Project object */;
}
